
Microsoft Visual Studio Solution File, Format Version 10.00
# Visual Studio 2008
Project("{8BC9CEB8-8B4A-11D0-8D11-00A0C91BC942}") = "libsipua3", "build\libsipua3\libsipua3.vcproj", "{290078F0-3B63-47BF-A2A9-E1AF5411F5E7}"
	ProjectSection(ProjectDependencies) = postProject
		{4A07BB2B-F56E-4F1B-A729-D28B782AC128} = {4A07BB2B-F56E-4F1B-A729-D28B782AC128}
		{4EA67539-9EE9-4065-BD39-87E517FD8262} = {4EA67539-9EE9-4065-BD39-87E517FD8262}
		{2FBA4363-0708-4D45-8291-76E867329DEF} = {2FBA4363-0708-4D45-8291-76E867329DEF}
	EndProjectSection
EndProject
Project("{8BC9CEB8-8B4A-11D0-8D11-00A0C91BC942}") = "oRTP", "build\oRTP\oRTP.vcproj", "{4A07BB2B-F56E-4F1B-A719-D28B782AC128}"
EndProject
Project("{8BC9CEB8-8B4A-11D0-8D11-00A0C91BC942}") = "osip2", "build\osip\osip2.vcproj", "{85255507-5D16-4218-85E2-F683BB2F04DA}"
	ProjectSection(ProjectDependencies) = postProject
		{44F46B7E-0E51-4304-9735-330DFBAB41E5} = {44F46B7E-0E51-4304-9735-330DFBAB41E5}
	EndProjectSection
EndProject
Project("{8BC9CEB8-8B4A-11D0-8D11-00A0C91BC942}") = "osipparser2", "build\osip\osipparser2.vcproj", "{44F46B7E-0E51-4304-9735-330DFBAB41E5}"
EndProject
Project("{8BC9CEB8-8B4A-11D0-8D11-00A0C91BC942}") = "eXosip2", "build\eXosip\eXosip.vcproj", "{4EA67539-9EE9-4065-BD39-87E517FD8262}"
	ProjectSection(ProjectDependencies) = postProject
		{85255507-5D16-4218-85E2-F683BB2F04DA} = {85255507-5D16-4218-85E2-F683BB2F04DA}
	EndProjectSection
EndProject
Project("{8BC9CEB8-8B4A-11D0-8D11-00A0C91BC942}") = "libspeex", "codecs\speex\win32\VS2008\libspeex\libspeex.vcproj", "{E972C52F-9E85-4D65-B19C-031E511E9DB4}"
EndProject
Project("{8BC9CEB8-8B4A-11D0-8D11-00A0C91BC942}") = "libspeexdsp", "codecs\speex\win32\VS2008\libspeexdsp\libspeexdsp.vcproj", "{03207781-0D1C-4DB3-A71D-45C608F28DBD}"
EndProject
Project("{8BC9CEB8-8B4A-11D0-8D11-00A0C91BC942}") = "libgsm", "codecs\gsm\platform\vsnet\libgsmlib.vcproj", "{65945422-B6A5-44E5-A113-6C2248854E44}"
EndProject
Project("{8BC9CEB8-8B4A-11D0-8D11-00A0C91BC942}") = "libogg", "codecs\libogg\win32\ogg_static.vcproj", "{94CE8F4D-713B-49EB-8F10-5F83216CE493}"
EndProject
Project("{8BC9CEB8-8B4A-11D0-8D11-00A0C91BC942}") = "libtheora", "codecs\libtheora\win32\VS2005\libtheora\libtheora.vcproj", "{653F3841-3F26-49B9-AFCF-091DB4B67031}"
	ProjectSection(ProjectDependencies) = postProject
		{94CE8F4D-713B-49EB-8F10-5F83216CE493} = {94CE8F4D-713B-49EB-8F10-5F83216CE493}
	EndProjectSection
EndProject
Project("{8BC9CEB8-8B4A-11D0-8D11-00A0C91BC942}") = "mediastream", "build\mediastreamer2\mediastream\mediastream.vcproj", "{F158434B-A7BD-4683-87FD-33AF6B450612}"
	ProjectSection(ProjectDependencies) = postProject
		{4A07BB2B-F56E-4F1B-A729-D28B782AC128} = {4A07BB2B-F56E-4F1B-A729-D28B782AC128}
	EndProjectSection
EndProject
Project("{8BC9CEB8-8B4A-11D0-8D11-00A0C91BC942}") = "mediastreamer2", "build\mediastreamer2\mediastreamer2.vcproj", "{4A07BB2B-F56E-4F1B-A729-D28B782AC128}"
	ProjectSection(ProjectDependencies) = postProject
		{D84D100A-7C21-4CCB-B16E-0FB37137C16C} = {D84D100A-7C21-4CCB-B16E-0FB37137C16C}
		{65945422-B6A5-44E5-A113-6C2248854E44} = {65945422-B6A5-44E5-A113-6C2248854E44}
		{0A07DB23-1A12-4DD5-92EA-A80C21EDD0F5} = {0A07DB23-1A12-4DD5-92EA-A80C21EDD0F5}
		{4A07BB2B-F56E-4F1B-A719-D28B782AC128} = {4A07BB2B-F56E-4F1B-A719-D28B782AC128}
		{E972C52F-9E85-4D65-B19C-031E511E9DB4} = {E972C52F-9E85-4D65-B19C-031E511E9DB4}
		{653F3841-3F26-49B9-AFCF-091DB4B67031} = {653F3841-3F26-49B9-AFCF-091DB4B67031}
		{2FBA4363-0708-4D45-8291-76E867329DEF} = {2FBA4363-0708-4D45-8291-76E867329DEF}
		{CF70F278-3364-4395-A2E1-23501C9B8AD2} = {CF70F278-3364-4395-A2E1-23501C9B8AD2}
		{03207781-0D1C-4DB3-A71D-45C608F28DBD} = {03207781-0D1C-4DB3-A71D-45C608F28DBD}
		{291937F3-8615-464C-8375-9DA2B84CDA1F} = {291937F3-8615-464C-8375-9DA2B84CDA1F}
	EndProjectSection
EndProject
Project("{8BC9CEB8-8B4A-11D0-8D11-00A0C91BC942}") = "libbroadvoice", "codecs\broadvoice\src\libbroadvoice.2008.vcproj", "{CF70F278-3364-4395-A2E1-23501C9B8AD2}"
EndProject
Project("{8BC9CEB8-8B4A-11D0-8D11-00A0C91BC942}") = "msvideomixer", "plugins\msvideomixer\msvideostitcher.vcproj", "{4A13F558-71BD-4973-B568-8C71CA49A888}"
	ProjectSection(ProjectDependencies) = postProject
		{4A07BB2B-F56E-4F1B-A729-D28B782AC128} = {4A07BB2B-F56E-4F1B-A729-D28B782AC128}
	EndProjectSection
EndProject
Project("{2150E333-8FDC-42A3-9474-1A3956D46DE8}") = "Codecs", "Codecs", "{C95513D4-5825-4B5B-BDCE-1E386C09F2AF}"
EndProject
Project("{2150E333-8FDC-42A3-9474-1A3956D46DE8}") = "Stack", "Stack", "{1312FA33-D01F-4D02-BD26-C08C5F34DB68}"
EndProject
Project("{2150E333-8FDC-42A3-9474-1A3956D46DE8}") = "Tests", "Tests", "{29FD22D5-DE0F-4C85-88B7-011DCB3A9A1B}"
EndProject
Project("{2150E333-8FDC-42A3-9474-1A3956D46DE8}") = "SDK", "SDK", "{AD3C50E3-08CA-472D-A699-A1117B65B9CF}"
EndProject
Project("{8BC9CEB8-8B4A-11D0-8D11-00A0C91BC942}") = "VideoConference", "VideoConference\VideoConference.vcproj", "{E2C55B0B-2151-4950-87CA-B0AE37CB8DA8}"
	ProjectSection(ProjectDependencies) = postProject
		{BA3E3907-76A3-4BA6-B5FB-870942950E32} = {BA3E3907-76A3-4BA6-B5FB-870942950E32}
	EndProjectSection
EndProject
Project("{8BC9CEB8-8B4A-11D0-8D11-00A0C91BC942}") = "udt", "3rdparty\udt4\win\udt.vcproj", "{D84D100A-7C21-4CCB-B16E-0FB37137C16C}"
EndProject
Project("{2150E333-8FDC-42A3-9474-1A3956D46DE8}") = "udt", "udt", "{B280ABB5-6C11-41A7-8F89-E12121DC40E2}"
EndProject
Project("{2150E333-8FDC-42A3-9474-1A3956D46DE8}") = "mediastream", "mediastream", "{3B244825-A11B-4FF7-861B-637BCB4A3E2B}"
EndProject
Project("{8BC9CEB8-8B4A-11D0-8D11-00A0C91BC942}") = "appclient", "3rdparty\udt4\win\appclient.vcproj", "{4C848417-B545-468B-AA0C-44EE73BC7B9B}"
EndProject
Project("{8BC9CEB8-8B4A-11D0-8D11-00A0C91BC942}") = "appserver", "3rdparty\udt4\win\appserver.vcproj", "{1F726B88-8807-4E99-9982-CCE33198BEE8}"
EndProject
Project("{8BC9CEB8-8B4A-11D0-8D11-00A0C91BC942}") = "recvfile", "3rdparty\udt4\win\recvfile.vcproj", "{3D73B2C7-9C2A-4901-9714-03FFB9367644}"
EndProject
Project("{8BC9CEB8-8B4A-11D0-8D11-00A0C91BC942}") = "sendfile", "3rdparty\udt4\win\sendfile.vcproj", "{88AFBB12-0392-4210-A89C-E932BE3AB2E0}"
EndProject
Project("{8BC9CEB8-8B4A-11D0-8D11-00A0C91BC942}") = "libjpeg", "codecs\libjpeg\libjpeg.vcproj", "{291937F3-8615-464C-8375-9DA2B84CDA1F}"
EndProject
Project("{8BC9CEB8-8B4A-11D0-8D11-00A0C91BC942}") = "libilbc", "codecs\ilbc-rfc3951\platform\vsnet-ilbc\libilbc.vcproj", "{0A07DB23-1A12-4DD5-92EA-A80C21EDD0F5}"
EndProject
Project("{8BC9CEB8-8B4A-11D0-8D11-00A0C91BC942}") = "VideoConfClient", "VideoConfClient\VideoConfClient.vcproj", "{918D7B50-AC27-4C72-B90F-A44963B3F11D}"
	ProjectSection(ProjectDependencies) = postProject
		{290078F0-3B63-47BF-A2A9-E1AF5411F5E7} = {290078F0-3B63-47BF-A2A9-E1AF5411F5E7}
	EndProjectSection
EndProject
Project("{8BC9CEB8-8B4A-11D0-8D11-00A0C91BC942}") = "VideoConfDemo", "VideoConfDemo\VideoConfDemo.vcproj", "{1EDA1351-030F-4109-B73F-7FDB1BF084F4}"
	ProjectSection(ProjectDependencies) = postProject
		{BA3E3907-76A3-4BA6-B5FB-870942950E32} = {BA3E3907-76A3-4BA6-B5FB-870942950E32}
	EndProjectSection
EndProject
Project("{8BC9CEB8-8B4A-11D0-8D11-00A0C91BC942}") = "librtmp", "librtmp\librtmp.vcproj", "{2FBA4363-0708-4D45-8291-76E867329DEF}"
EndProject
Project("{2150E333-8FDC-42A3-9474-1A3956D46DE8}") = "Projects", "Projects", "{900870E9-B15E-4C6D-9757-FB6E76ADCBB3}"
EndProject
Project("{8BC9CEB8-8B4A-11D0-8D11-00A0C91BC942}") = "RtmpClient", "RtmpClient\RtmpClient.vcproj", "{D49B0779-5B54-4916-9E54-E35E740C9710}"
	ProjectSection(ProjectDependencies) = postProject
		{57ADB6C3-394B-44F8-AAAA-93AF97431941} = {57ADB6C3-394B-44F8-AAAA-93AF97431941}
		{290078F0-3B63-47BF-A2A9-E1AF5411F5E7} = {290078F0-3B63-47BF-A2A9-E1AF5411F5E7}
	EndProjectSection
EndProject
Project("{2150E333-8FDC-42A3-9474-1A3956D46DE8}") = "freetype", "freetype", "{AF516E41-A029-4884-84E1-F3B9B2C4BC28}"
EndProject
Project("{8BC9CEB8-8B4A-11D0-8D11-00A0C91BC942}") = "libdrawtext", "libdrawtext\libdrawtext.vcproj", "{AFDA983B-0C3D-4BA4-BD8C-D6D530CB7C1D}"
	ProjectSection(ProjectDependencies) = postProject
		{354B29D7-C033-48F0-93C2-8021CD555A77} = {354B29D7-C033-48F0-93C2-8021CD555A77}
	EndProjectSection
EndProject
Project("{8BC9CEB8-8B4A-11D0-8D11-00A0C91BC942}") = "libconfig", "libconfig\libconfig.vcproj", "{57ADB6C3-394B-44F8-AAAA-93AF97431941}"
	ProjectSection(ProjectDependencies) = postProject
		{354B29D7-C033-48F0-93C2-8021CD555A77} = {354B29D7-C033-48F0-93C2-8021CD555A77}
	EndProjectSection
EndProject
Project("{2150E333-8FDC-42A3-9474-1A3956D46DE8}") = "Config", "Config", "{AE709058-E8DE-49ED-99DA-08B6C801FC30}"
EndProject
Project("{8BC9CEB8-8B4A-11D0-8D11-00A0C91BC942}") = "sqlite3", "libsqlite3\libsqlite3.vcproj", "{354B29D7-C033-48F0-93C2-8021CD555A77}"
EndProject
Project("{8BC9CEB8-8B4A-11D0-8D11-00A0C91BC942}") = "libconference", "build\libsipua3\libconference.vcproj", "{BA3E3907-76A3-4BA6-B5FB-870942950E32}"
	ProjectSection(ProjectDependencies) = postProject
		{013FA81E-F7F5-432F-89CD-ED3FA758AA47} = {013FA81E-F7F5-432F-89CD-ED3FA758AA47}
		{4EA67539-9EE9-4065-BD39-87E517FD8262} = {4EA67539-9EE9-4065-BD39-87E517FD8262}
	EndProjectSection
EndProject
Project("{8BC9CEB8-8B4A-11D0-8D11-00A0C91BC942}") = "mediastreamer2_mcu", "build\mediastreamer2\mediastreamer2_mcu.vcproj", "{013FA81E-F7F5-432F-89CD-ED3FA758AA47}"
	ProjectSection(ProjectDependencies) = postProject
		{4A07BB2B-F56E-4F1B-A729-D28B782AC128} = {4A07BB2B-F56E-4F1B-A729-D28B782AC128}
	EndProjectSection
EndProject
Project("{2150E333-8FDC-42A3-9474-1A3956D46DE8}") = "SIPUA", "SIPUA", "{9BEDCE1B-BFC9-4809-9D8D-ECF9D9BC95DA}"
EndProject
Project("{2150E333-8FDC-42A3-9474-1A3956D46DE8}") = "CONF_SDK", "CONF_SDK", "{A1C9FBA0-4837-46F6-8F49-926118D85D17}"
EndProject
Project("{8BC9CEB8-8B4A-11D0-8D11-00A0C91BC942}") = "VideoPlayerDemo", "VideoPlayerDemo\VideoPlayerDemo.vcproj", "{87D882AD-EE93-4453-B725-9ACA8A0733AA}"
EndProject
Project("{8BC9CEB8-8B4A-11D0-8D11-00A0C91BC942}") = "ScreenRecorder", "ScreenRecorder\ScreenRecorder.vcproj", "{64A1EA2D-144E-4C5D-847D-B6BB54AD68B2}"
EndProject
Global
	GlobalSection(SolutionConfigurationPlatforms) = preSolution
		Debug_Static|Win32 = Debug_Static|Win32
		Debug_Static|Windows Mobile 5.0 Pocket PC SDK (ARMV4I) = Debug_Static|Windows Mobile 5.0 Pocket PC SDK (ARMV4I)
		Debug_Static|Windows Mobile 6 Professional SDK (ARMV4I) = Debug_Static|Windows Mobile 6 Professional SDK (ARMV4I)
		Debug|Win32 = Debug|Win32
		Debug|Windows Mobile 5.0 Pocket PC SDK (ARMV4I) = Debug|Windows Mobile 5.0 Pocket PC SDK (ARMV4I)
		Debug|Windows Mobile 6 Professional SDK (ARMV4I) = Debug|Windows Mobile 6 Professional SDK (ARMV4I)
		Release_Static|Win32 = Release_Static|Win32
		Release_Static|Windows Mobile 5.0 Pocket PC SDK (ARMV4I) = Release_Static|Windows Mobile 5.0 Pocket PC SDK (ARMV4I)
		Release_Static|Windows Mobile 6 Professional SDK (ARMV4I) = Release_Static|Windows Mobile 6 Professional SDK (ARMV4I)
		Release|Win32 = Release|Win32
		Release|Windows Mobile 5.0 Pocket PC SDK (ARMV4I) = Release|Windows Mobile 5.0 Pocket PC SDK (ARMV4I)
		Release|Windows Mobile 6 Professional SDK (ARMV4I) = Release|Windows Mobile 6 Professional SDK (ARMV4I)
	EndGlobalSection
	GlobalSection(ProjectConfigurationPlatforms) = postSolution
		{290078F0-3B63-47BF-A2A9-E1AF5411F5E7}.Debug_Static|Win32.ActiveCfg = Debug_Static|Win32
		{290078F0-3B63-47BF-A2A9-E1AF5411F5E7}.Debug_Static|Win32.Build.0 = Debug_Static|Win32
		{290078F0-3B63-47BF-A2A9-E1AF5411F5E7}.Debug_Static|Windows Mobile 5.0 Pocket PC SDK (ARMV4I).ActiveCfg = Debug_Static|Win32
		{290078F0-3B63-47BF-A2A9-E1AF5411F5E7}.Debug_Static|Windows Mobile 6 Professional SDK (ARMV4I).ActiveCfg = Debug_Static|Win32
		{290078F0-3B63-47BF-A2A9-E1AF5411F5E7}.Debug|Win32.ActiveCfg = Debug|Win32
		{290078F0-3B63-47BF-A2A9-E1AF5411F5E7}.Debug|Win32.Build.0 = Debug|Win32
		{290078F0-3B63-47BF-A2A9-E1AF5411F5E7}.Debug|Windows Mobile 5.0 Pocket PC SDK (ARMV4I).ActiveCfg = Debug|Win32
		{290078F0-3B63-47BF-A2A9-E1AF5411F5E7}.Debug|Windows Mobile 6 Professional SDK (ARMV4I).ActiveCfg = Debug|Win32
		{290078F0-3B63-47BF-A2A9-E1AF5411F5E7}.Release_Static|Win32.ActiveCfg = Release_Static|Win32
		{290078F0-3B63-47BF-A2A9-E1AF5411F5E7}.Release_Static|Win32.Build.0 = Release_Static|Win32
		{290078F0-3B63-47BF-A2A9-E1AF5411F5E7}.Release_Static|Windows Mobile 5.0 Pocket PC SDK (ARMV4I).ActiveCfg = Release_Static|Win32
		{290078F0-3B63-47BF-A2A9-E1AF5411F5E7}.Release_Static|Windows Mobile 6 Professional SDK (ARMV4I).ActiveCfg = Release_Static|Win32
		{290078F0-3B63-47BF-A2A9-E1AF5411F5E7}.Release|Win32.ActiveCfg = Release|Win32
		{290078F0-3B63-47BF-A2A9-E1AF5411F5E7}.Release|Win32.Build.0 = Release|Win32
		{290078F0-3B63-47BF-A2A9-E1AF5411F5E7}.Release|Windows Mobile 5.0 Pocket PC SDK (ARMV4I).ActiveCfg = Release|Win32
		{290078F0-3B63-47BF-A2A9-E1AF5411F5E7}.Release|Windows Mobile 6 Professional SDK (ARMV4I).ActiveCfg = Release|Win32
		{4A07BB2B-F56E-4F1B-A719-D28B782AC128}.Debug_Static|Win32.ActiveCfg = Debug_Static|Win32
		{4A07BB2B-F56E-4F1B-A719-D28B782AC128}.Debug_Static|Win32.Build.0 = Debug_Static|Win32
		{4A07BB2B-F56E-4F1B-A719-D28B782AC128}.Debug_Static|Windows Mobile 5.0 Pocket PC SDK (ARMV4I).ActiveCfg = Debug_Static|Win32
		{4A07BB2B-F56E-4F1B-A719-D28B782AC128}.Debug_Static|Windows Mobile 6 Professional SDK (ARMV4I).ActiveCfg = Debug_Static|Win32
		{4A07BB2B-F56E-4F1B-A719-D28B782AC128}.Debug|Win32.ActiveCfg = Debug|Win32
		{4A07BB2B-F56E-4F1B-A719-D28B782AC128}.Debug|Win32.Build.0 = Debug|Win32
		{4A07BB2B-F56E-4F1B-A719-D28B782AC128}.Debug|Windows Mobile 5.0 Pocket PC SDK (ARMV4I).ActiveCfg = Debug|Win32
		{4A07BB2B-F56E-4F1B-A719-D28B782AC128}.Debug|Windows Mobile 6 Professional SDK (ARMV4I).ActiveCfg = Debug|Win32
		{4A07BB2B-F56E-4F1B-A719-D28B782AC128}.Release_Static|Win32.ActiveCfg = Release_Static|Win32
		{4A07BB2B-F56E-4F1B-A719-D28B782AC128}.Release_Static|Win32.Build.0 = Release_Static|Win32
		{4A07BB2B-F56E-4F1B-A719-D28B782AC128}.Release_Static|Windows Mobile 5.0 Pocket PC SDK (ARMV4I).ActiveCfg = Release_Static|Win32
		{4A07BB2B-F56E-4F1B-A719-D28B782AC128}.Release_Static|Windows Mobile 6 Professional SDK (ARMV4I).ActiveCfg = Release_Static|Win32
		{4A07BB2B-F56E-4F1B-A719-D28B782AC128}.Release|Win32.ActiveCfg = Release|Win32
		{4A07BB2B-F56E-4F1B-A719-D28B782AC128}.Release|Win32.Build.0 = Release|Win32
		{4A07BB2B-F56E-4F1B-A719-D28B782AC128}.Release|Windows Mobile 5.0 Pocket PC SDK (ARMV4I).ActiveCfg = Release|Win32
		{4A07BB2B-F56E-4F1B-A719-D28B782AC128}.Release|Windows Mobile 6 Professional SDK (ARMV4I).ActiveCfg = Release|Win32
		{85255507-5D16-4218-85E2-F683BB2F04DA}.Debug_Static|Win32.ActiveCfg = Debug_Static|Win32
		{85255507-5D16-4218-85E2-F683BB2F04DA}.Debug_Static|Win32.Build.0 = Debug_Static|Win32
		{85255507-5D16-4218-85E2-F683BB2F04DA}.Debug_Static|Windows Mobile 5.0 Pocket PC SDK (ARMV4I).ActiveCfg = Debug_Static|Win32
		{85255507-5D16-4218-85E2-F683BB2F04DA}.Debug_Static|Windows Mobile 6 Professional SDK (ARMV4I).ActiveCfg = Debug_Static|Win32
		{85255507-5D16-4218-85E2-F683BB2F04DA}.Debug|Win32.ActiveCfg = Debug|Win32
		{85255507-5D16-4218-85E2-F683BB2F04DA}.Debug|Win32.Build.0 = Debug|Win32
		{85255507-5D16-4218-85E2-F683BB2F04DA}.Debug|Windows Mobile 5.0 Pocket PC SDK (ARMV4I).ActiveCfg = Debug|Win32
		{85255507-5D16-4218-85E2-F683BB2F04DA}.Debug|Windows Mobile 6 Professional SDK (ARMV4I).ActiveCfg = Debug|Win32
		{85255507-5D16-4218-85E2-F683BB2F04DA}.Release_Static|Win32.ActiveCfg = Release_Static|Win32
		{85255507-5D16-4218-85E2-F683BB2F04DA}.Release_Static|Win32.Build.0 = Release_Static|Win32
		{85255507-5D16-4218-85E2-F683BB2F04DA}.Release_Static|Windows Mobile 5.0 Pocket PC SDK (ARMV4I).ActiveCfg = Release_Static|Win32
		{85255507-5D16-4218-85E2-F683BB2F04DA}.Release_Static|Windows Mobile 6 Professional SDK (ARMV4I).ActiveCfg = Release_Static|Win32
		{85255507-5D16-4218-85E2-F683BB2F04DA}.Release|Win32.ActiveCfg = Release|Win32
		{85255507-5D16-4218-85E2-F683BB2F04DA}.Release|Win32.Build.0 = Release|Win32
		{85255507-5D16-4218-85E2-F683BB2F04DA}.Release|Windows Mobile 5.0 Pocket PC SDK (ARMV4I).ActiveCfg = Release|Win32
		{85255507-5D16-4218-85E2-F683BB2F04DA}.Release|Windows Mobile 6 Professional SDK (ARMV4I).ActiveCfg = Release|Win32
		{44F46B7E-0E51-4304-9735-330DFBAB41E5}.Debug_Static|Win32.ActiveCfg = Debug_Static|Win32
		{44F46B7E-0E51-4304-9735-330DFBAB41E5}.Debug_Static|Win32.Build.0 = Debug_Static|Win32
		{44F46B7E-0E51-4304-9735-330DFBAB41E5}.Debug_Static|Windows Mobile 5.0 Pocket PC SDK (ARMV4I).ActiveCfg = Debug_Static|Win32
		{44F46B7E-0E51-4304-9735-330DFBAB41E5}.Debug_Static|Windows Mobile 6 Professional SDK (ARMV4I).ActiveCfg = Debug_Static|Win32
		{44F46B7E-0E51-4304-9735-330DFBAB41E5}.Debug|Win32.ActiveCfg = Debug|Win32
		{44F46B7E-0E51-4304-9735-330DFBAB41E5}.Debug|Win32.Build.0 = Debug|Win32
		{44F46B7E-0E51-4304-9735-330DFBAB41E5}.Debug|Windows Mobile 5.0 Pocket PC SDK (ARMV4I).ActiveCfg = Debug|Win32
		{44F46B7E-0E51-4304-9735-330DFBAB41E5}.Debug|Windows Mobile 6 Professional SDK (ARMV4I).ActiveCfg = Debug|Win32
		{44F46B7E-0E51-4304-9735-330DFBAB41E5}.Release_Static|Win32.ActiveCfg = Release_Static|Win32
		{44F46B7E-0E51-4304-9735-330DFBAB41E5}.Release_Static|Win32.Build.0 = Release_Static|Win32
		{44F46B7E-0E51-4304-9735-330DFBAB41E5}.Release_Static|Windows Mobile 5.0 Pocket PC SDK (ARMV4I).ActiveCfg = Release_Static|Win32
		{44F46B7E-0E51-4304-9735-330DFBAB41E5}.Release_Static|Windows Mobile 6 Professional SDK (ARMV4I).ActiveCfg = Release_Static|Win32
		{44F46B7E-0E51-4304-9735-330DFBAB41E5}.Release|Win32.ActiveCfg = Release|Win32
		{44F46B7E-0E51-4304-9735-330DFBAB41E5}.Release|Win32.Build.0 = Release|Win32
		{44F46B7E-0E51-4304-9735-330DFBAB41E5}.Release|Windows Mobile 5.0 Pocket PC SDK (ARMV4I).ActiveCfg = Release|Win32
		{44F46B7E-0E51-4304-9735-330DFBAB41E5}.Release|Windows Mobile 6 Professional SDK (ARMV4I).ActiveCfg = Release|Win32
		{4EA67539-9EE9-4065-BD39-87E517FD8262}.Debug_Static|Win32.ActiveCfg = Debug_Static|Win32
		{4EA67539-9EE9-4065-BD39-87E517FD8262}.Debug_Static|Win32.Build.0 = Debug_Static|Win32
		{4EA67539-9EE9-4065-BD39-87E517FD8262}.Debug_Static|Windows Mobile 5.0 Pocket PC SDK (ARMV4I).ActiveCfg = Debug_Static|Win32
		{4EA67539-9EE9-4065-BD39-87E517FD8262}.Debug_Static|Windows Mobile 6 Professional SDK (ARMV4I).ActiveCfg = Debug_Static|Win32
		{4EA67539-9EE9-4065-BD39-87E517FD8262}.Debug|Win32.ActiveCfg = Debug|Win32
		{4EA67539-9EE9-4065-BD39-87E517FD8262}.Debug|Win32.Build.0 = Debug|Win32
		{4EA67539-9EE9-4065-BD39-87E517FD8262}.Debug|Windows Mobile 5.0 Pocket PC SDK (ARMV4I).ActiveCfg = Debug|Win32
		{4EA67539-9EE9-4065-BD39-87E517FD8262}.Debug|Windows Mobile 6 Professional SDK (ARMV4I).ActiveCfg = Debug|Win32
		{4EA67539-9EE9-4065-BD39-87E517FD8262}.Release_Static|Win32.ActiveCfg = Release_Static|Win32
		{4EA67539-9EE9-4065-BD39-87E517FD8262}.Release_Static|Win32.Build.0 = Release_Static|Win32
		{4EA67539-9EE9-4065-BD39-87E517FD8262}.Release_Static|Windows Mobile 5.0 Pocket PC SDK (ARMV4I).ActiveCfg = Release_Static|Win32
		{4EA67539-9EE9-4065-BD39-87E517FD8262}.Release_Static|Windows Mobile 6 Professional SDK (ARMV4I).ActiveCfg = Release_Static|Win32
		{4EA67539-9EE9-4065-BD39-87E517FD8262}.Release|Win32.ActiveCfg = Release|Win32
		{4EA67539-9EE9-4065-BD39-87E517FD8262}.Release|Win32.Build.0 = Release|Win32
		{4EA67539-9EE9-4065-BD39-87E517FD8262}.Release|Windows Mobile 5.0 Pocket PC SDK (ARMV4I).ActiveCfg = Release|Win32
		{4EA67539-9EE9-4065-BD39-87E517FD8262}.Release|Windows Mobile 6 Professional SDK (ARMV4I).ActiveCfg = Release|Win32
		{E972C52F-9E85-4D65-B19C-031E511E9DB4}.Debug_Static|Win32.ActiveCfg = Debug_Static|Win32
		{E972C52F-9E85-4D65-B19C-031E511E9DB4}.Debug_Static|Win32.Build.0 = Debug_Static|Win32
		{E972C52F-9E85-4D65-B19C-031E511E9DB4}.Debug_Static|Windows Mobile 5.0 Pocket PC SDK (ARMV4I).ActiveCfg = Debug_Static|Windows Mobile 5.0 Pocket PC SDK (ARMV4I)
		{E972C52F-9E85-4D65-B19C-031E511E9DB4}.Debug_Static|Windows Mobile 5.0 Pocket PC SDK (ARMV4I).Build.0 = Debug_Static|Windows Mobile 5.0 Pocket PC SDK (ARMV4I)
		{E972C52F-9E85-4D65-B19C-031E511E9DB4}.Debug_Static|Windows Mobile 5.0 Pocket PC SDK (ARMV4I).Deploy.0 = Debug_Static|Windows Mobile 5.0 Pocket PC SDK (ARMV4I)
		{E972C52F-9E85-4D65-B19C-031E511E9DB4}.Debug_Static|Windows Mobile 6 Professional SDK (ARMV4I).ActiveCfg = Debug_Static|Windows Mobile 5.0 Pocket PC SDK (ARMV4I)
		{E972C52F-9E85-4D65-B19C-031E511E9DB4}.Debug|Win32.ActiveCfg = Debug|Win32
		{E972C52F-9E85-4D65-B19C-031E511E9DB4}.Debug|Win32.Build.0 = Debug|Win32
		{E972C52F-9E85-4D65-B19C-031E511E9DB4}.Debug|Windows Mobile 5.0 Pocket PC SDK (ARMV4I).ActiveCfg = Debug|Win32
		{E972C52F-9E85-4D65-B19C-031E511E9DB4}.Debug|Windows Mobile 6 Professional SDK (ARMV4I).ActiveCfg = Debug|Win32
		{E972C52F-9E85-4D65-B19C-031E511E9DB4}.Release_Static|Win32.ActiveCfg = Release_Static|Win32
		{E972C52F-9E85-4D65-B19C-031E511E9DB4}.Release_Static|Win32.Build.0 = Release_Static|Win32
		{E972C52F-9E85-4D65-B19C-031E511E9DB4}.Release_Static|Windows Mobile 5.0 Pocket PC SDK (ARMV4I).ActiveCfg = Release_Static|Windows Mobile 5.0 Pocket PC SDK (ARMV4I)
		{E972C52F-9E85-4D65-B19C-031E511E9DB4}.Release_Static|Windows Mobile 5.0 Pocket PC SDK (ARMV4I).Build.0 = Release_Static|Windows Mobile 5.0 Pocket PC SDK (ARMV4I)
		{E972C52F-9E85-4D65-B19C-031E511E9DB4}.Release_Static|Windows Mobile 5.0 Pocket PC SDK (ARMV4I).Deploy.0 = Release_Static|Windows Mobile 5.0 Pocket PC SDK (ARMV4I)
		{E972C52F-9E85-4D65-B19C-031E511E9DB4}.Release_Static|Windows Mobile 6 Professional SDK (ARMV4I).ActiveCfg = Release_Static|Windows Mobile 5.0 Pocket PC SDK (ARMV4I)
		{E972C52F-9E85-4D65-B19C-031E511E9DB4}.Release|Win32.ActiveCfg = Release|Win32
		{E972C52F-9E85-4D65-B19C-031E511E9DB4}.Release|Win32.Build.0 = Release|Win32
		{E972C52F-9E85-4D65-B19C-031E511E9DB4}.Release|Windows Mobile 5.0 Pocket PC SDK (ARMV4I).ActiveCfg = Release|Win32
		{E972C52F-9E85-4D65-B19C-031E511E9DB4}.Release|Windows Mobile 6 Professional SDK (ARMV4I).ActiveCfg = Release|Win32
		{03207781-0D1C-4DB3-A71D-45C608F28DBD}.Debug_Static|Win32.ActiveCfg = Debug_Static|Win32
		{03207781-0D1C-4DB3-A71D-45C608F28DBD}.Debug_Static|Win32.Build.0 = Debug_Static|Win32
		{03207781-0D1C-4DB3-A71D-45C608F28DBD}.Debug_Static|Windows Mobile 5.0 Pocket PC SDK (ARMV4I).ActiveCfg = Debug_Static|Win32
		{03207781-0D1C-4DB3-A71D-45C608F28DBD}.Debug_Static|Windows Mobile 6 Professional SDK (ARMV4I).ActiveCfg = Debug_Static|Win32
		{03207781-0D1C-4DB3-A71D-45C608F28DBD}.Debug|Win32.ActiveCfg = Debug|Win32
		{03207781-0D1C-4DB3-A71D-45C608F28DBD}.Debug|Win32.Build.0 = Debug|Win32
		{03207781-0D1C-4DB3-A71D-45C608F28DBD}.Debug|Windows Mobile 5.0 Pocket PC SDK (ARMV4I).ActiveCfg = Debug|Win32
		{03207781-0D1C-4DB3-A71D-45C608F28DBD}.Debug|Windows Mobile 6 Professional SDK (ARMV4I).ActiveCfg = Debug|Win32
		{03207781-0D1C-4DB3-A71D-45C608F28DBD}.Release_Static|Win32.ActiveCfg = Release_Static|Win32
		{03207781-0D1C-4DB3-A71D-45C608F28DBD}.Release_Static|Win32.Build.0 = Release_Static|Win32
		{03207781-0D1C-4DB3-A71D-45C608F28DBD}.Release_Static|Windows Mobile 5.0 Pocket PC SDK (ARMV4I).ActiveCfg = Release_Static|Win32
		{03207781-0D1C-4DB3-A71D-45C608F28DBD}.Release_Static|Windows Mobile 6 Professional SDK (ARMV4I).ActiveCfg = Release_Static|Win32
		{03207781-0D1C-4DB3-A71D-45C608F28DBD}.Release|Win32.ActiveCfg = Release|Win32
		{03207781-0D1C-4DB3-A71D-45C608F28DBD}.Release|Win32.Build.0 = Release|Win32
		{03207781-0D1C-4DB3-A71D-45C608F28DBD}.Release|Windows Mobile 5.0 Pocket PC SDK (ARMV4I).ActiveCfg = Release|Win32
		{03207781-0D1C-4DB3-A71D-45C608F28DBD}.Release|Windows Mobile 6 Professional SDK (ARMV4I).ActiveCfg = Release|Win32
		{65945422-B6A5-44E5-A113-6C2248854E44}.Debug_Static|Win32.ActiveCfg = Debug_Static|Win32
		{65945422-B6A5-44E5-A113-6C2248854E44}.Debug_Static|Win32.Build.0 = Debug_Static|Win32
		{65945422-B6A5-44E5-A113-6C2248854E44}.Debug_Static|Windows Mobile 5.0 Pocket PC SDK (ARMV4I).ActiveCfg = Debug_Static|Win32
		{65945422-B6A5-44E5-A113-6C2248854E44}.Debug_Static|Windows Mobile 6 Professional SDK (ARMV4I).ActiveCfg = Debug_Static|Win32
		{65945422-B6A5-44E5-A113-6C2248854E44}.Debug|Win32.ActiveCfg = Debug|Win32
		{65945422-B6A5-44E5-A113-6C2248854E44}.Debug|Win32.Build.0 = Debug|Win32
		{65945422-B6A5-44E5-A113-6C2248854E44}.Debug|Windows Mobile 5.0 Pocket PC SDK (ARMV4I).ActiveCfg = Debug|Win32
		{65945422-B6A5-44E5-A113-6C2248854E44}.Debug|Windows Mobile 6 Professional SDK (ARMV4I).ActiveCfg = Debug|Win32
		{65945422-B6A5-44E5-A113-6C2248854E44}.Release_Static|Win32.ActiveCfg = Release_Static|Win32
		{65945422-B6A5-44E5-A113-6C2248854E44}.Release_Static|Win32.Build.0 = Release_Static|Win32
		{65945422-B6A5-44E5-A113-6C2248854E44}.Release_Static|Windows Mobile 5.0 Pocket PC SDK (ARMV4I).ActiveCfg = Release_Static|Win32
		{65945422-B6A5-44E5-A113-6C2248854E44}.Release_Static|Windows Mobile 6 Professional SDK (ARMV4I).ActiveCfg = Release_Static|Win32
		{65945422-B6A5-44E5-A113-6C2248854E44}.Release|Win32.ActiveCfg = Release|Win32
		{65945422-B6A5-44E5-A113-6C2248854E44}.Release|Win32.Build.0 = Release|Win32
		{65945422-B6A5-44E5-A113-6C2248854E44}.Release|Windows Mobile 5.0 Pocket PC SDK (ARMV4I).ActiveCfg = Release|Win32
		{65945422-B6A5-44E5-A113-6C2248854E44}.Release|Windows Mobile 6 Professional SDK (ARMV4I).ActiveCfg = Release|Win32
		{94CE8F4D-713B-49EB-8F10-5F83216CE493}.Debug_Static|Win32.ActiveCfg = Debug_Static|Win32
		{94CE8F4D-713B-49EB-8F10-5F83216CE493}.Debug_Static|Win32.Build.0 = Debug_Static|Win32
		{94CE8F4D-713B-49EB-8F10-5F83216CE493}.Debug_Static|Windows Mobile 5.0 Pocket PC SDK (ARMV4I).ActiveCfg = Debug_Static|Win32
		{94CE8F4D-713B-49EB-8F10-5F83216CE493}.Debug_Static|Windows Mobile 6 Professional SDK (ARMV4I).ActiveCfg = Debug_Static|Win32
		{94CE8F4D-713B-49EB-8F10-5F83216CE493}.Debug|Win32.ActiveCfg = Debug|Win32
		{94CE8F4D-713B-49EB-8F10-5F83216CE493}.Debug|Win32.Build.0 = Debug|Win32
		{94CE8F4D-713B-49EB-8F10-5F83216CE493}.Debug|Windows Mobile 5.0 Pocket PC SDK (ARMV4I).ActiveCfg = Debug|Win32
		{94CE8F4D-713B-49EB-8F10-5F83216CE493}.Debug|Windows Mobile 6 Professional SDK (ARMV4I).ActiveCfg = Debug|Win32
		{94CE8F4D-713B-49EB-8F10-5F83216CE493}.Release_Static|Win32.ActiveCfg = Release_Static|Win32
		{94CE8F4D-713B-49EB-8F10-5F83216CE493}.Release_Static|Win32.Build.0 = Release_Static|Win32
		{94CE8F4D-713B-49EB-8F10-5F83216CE493}.Release_Static|Windows Mobile 5.0 Pocket PC SDK (ARMV4I).ActiveCfg = Release_Static|Win32
		{94CE8F4D-713B-49EB-8F10-5F83216CE493}.Release_Static|Windows Mobile 6 Professional SDK (ARMV4I).ActiveCfg = Release_Static|Win32
		{94CE8F4D-713B-49EB-8F10-5F83216CE493}.Release|Win32.ActiveCfg = Release|Win32
		{94CE8F4D-713B-49EB-8F10-5F83216CE493}.Release|Win32.Build.0 = Release|Win32
		{94CE8F4D-713B-49EB-8F10-5F83216CE493}.Release|Windows Mobile 5.0 Pocket PC SDK (ARMV4I).ActiveCfg = Release|Win32
		{94CE8F4D-713B-49EB-8F10-5F83216CE493}.Release|Windows Mobile 6 Professional SDK (ARMV4I).ActiveCfg = Release|Win32
		{653F3841-3F26-49B9-AFCF-091DB4B67031}.Debug_Static|Win32.ActiveCfg = Debug_Static|Win32
		{653F3841-3F26-49B9-AFCF-091DB4B67031}.Debug_Static|Win32.Build.0 = Debug_Static|Win32
		{653F3841-3F26-49B9-AFCF-091DB4B67031}.Debug_Static|Windows Mobile 5.0 Pocket PC SDK (ARMV4I).ActiveCfg = Debug_Static|Win32
		{653F3841-3F26-49B9-AFCF-091DB4B67031}.Debug_Static|Windows Mobile 6 Professional SDK (ARMV4I).ActiveCfg = Debug_Static|Win32
		{653F3841-3F26-49B9-AFCF-091DB4B67031}.Debug|Win32.ActiveCfg = Debug|Win32
		{653F3841-3F26-49B9-AFCF-091DB4B67031}.Debug|Win32.Build.0 = Debug|Win32
		{653F3841-3F26-49B9-AFCF-091DB4B67031}.Debug|Windows Mobile 5.0 Pocket PC SDK (ARMV4I).ActiveCfg = Debug|Win32
		{653F3841-3F26-49B9-AFCF-091DB4B67031}.Debug|Windows Mobile 6 Professional SDK (ARMV4I).ActiveCfg = Debug|Win32
		{653F3841-3F26-49B9-AFCF-091DB4B67031}.Release_Static|Win32.ActiveCfg = Release_Static|Win32
		{653F3841-3F26-49B9-AFCF-091DB4B67031}.Release_Static|Win32.Build.0 = Release_Static|Win32
		{653F3841-3F26-49B9-AFCF-091DB4B67031}.Release_Static|Windows Mobile 5.0 Pocket PC SDK (ARMV4I).ActiveCfg = Release_Static|Win32
		{653F3841-3F26-49B9-AFCF-091DB4B67031}.Release_Static|Windows Mobile 6 Professional SDK (ARMV4I).ActiveCfg = Release_Static|Win32
		{653F3841-3F26-49B9-AFCF-091DB4B67031}.Release|Win32.ActiveCfg = Release|Win32
		{653F3841-3F26-49B9-AFCF-091DB4B67031}.Release|Win32.Build.0 = Release|Win32
		{653F3841-3F26-49B9-AFCF-091DB4B67031}.Release|Windows Mobile 5.0 Pocket PC SDK (ARMV4I).ActiveCfg = Release|Win32
		{653F3841-3F26-49B9-AFCF-091DB4B67031}.Release|Windows Mobile 6 Professional SDK (ARMV4I).ActiveCfg = Release|Win32
		{F158434B-A7BD-4683-87FD-33AF6B450612}.Debug_Static|Win32.ActiveCfg = Debug_Static|Win32
		{F158434B-A7BD-4683-87FD-33AF6B450612}.Debug_Static|Win32.Build.0 = Debug_Static|Win32
		{F158434B-A7BD-4683-87FD-33AF6B450612}.Debug_Static|Windows Mobile 5.0 Pocket PC SDK (ARMV4I).ActiveCfg = Debug_Static|Win32
		{F158434B-A7BD-4683-87FD-33AF6B450612}.Debug_Static|Windows Mobile 6 Professional SDK (ARMV4I).ActiveCfg = Debug_Static|Win32
		{F158434B-A7BD-4683-87FD-33AF6B450612}.Debug|Win32.ActiveCfg = Debug|Win32
		{F158434B-A7BD-4683-87FD-33AF6B450612}.Debug|Win32.Build.0 = Debug|Win32
		{F158434B-A7BD-4683-87FD-33AF6B450612}.Debug|Windows Mobile 5.0 Pocket PC SDK (ARMV4I).ActiveCfg = Debug|Win32
		{F158434B-A7BD-4683-87FD-33AF6B450612}.Debug|Windows Mobile 6 Professional SDK (ARMV4I).ActiveCfg = Debug|Win32
		{F158434B-A7BD-4683-87FD-33AF6B450612}.Release_Static|Win32.ActiveCfg = Release_Static|Win32
		{F158434B-A7BD-4683-87FD-33AF6B450612}.Release_Static|Win32.Build.0 = Release_Static|Win32
		{F158434B-A7BD-4683-87FD-33AF6B450612}.Release_Static|Windows Mobile 5.0 Pocket PC SDK (ARMV4I).ActiveCfg = Release_Static|Win32
		{F158434B-A7BD-4683-87FD-33AF6B450612}.Release_Static|Windows Mobile 6 Professional SDK (ARMV4I).ActiveCfg = Release_Static|Win32
		{F158434B-A7BD-4683-87FD-33AF6B450612}.Release|Win32.ActiveCfg = Release|Win32
		{F158434B-A7BD-4683-87FD-33AF6B450612}.Release|Win32.Build.0 = Release|Win32
		{F158434B-A7BD-4683-87FD-33AF6B450612}.Release|Windows Mobile 5.0 Pocket PC SDK (ARMV4I).ActiveCfg = Release|Win32
		{F158434B-A7BD-4683-87FD-33AF6B450612}.Release|Windows Mobile 6 Professional SDK (ARMV4I).ActiveCfg = Release|Win32
		{4A07BB2B-F56E-4F1B-A729-D28B782AC128}.Debug_Static|Win32.ActiveCfg = Debug_Static|Win32
		{4A07BB2B-F56E-4F1B-A729-D28B782AC128}.Debug_Static|Win32.Build.0 = Debug_Static|Win32
		{4A07BB2B-F56E-4F1B-A729-D28B782AC128}.Debug_Static|Windows Mobile 5.0 Pocket PC SDK (ARMV4I).ActiveCfg = Debug_Static|Win32
		{4A07BB2B-F56E-4F1B-A729-D28B782AC128}.Debug_Static|Windows Mobile 6 Professional SDK (ARMV4I).ActiveCfg = Debug_Static|Win32
		{4A07BB2B-F56E-4F1B-A729-D28B782AC128}.Debug|Win32.ActiveCfg = Debug|Win32
		{4A07BB2B-F56E-4F1B-A729-D28B782AC128}.Debug|Win32.Build.0 = Debug|Win32
		{4A07BB2B-F56E-4F1B-A729-D28B782AC128}.Debug|Windows Mobile 5.0 Pocket PC SDK (ARMV4I).ActiveCfg = Debug|Win32
		{4A07BB2B-F56E-4F1B-A729-D28B782AC128}.Debug|Windows Mobile 6 Professional SDK (ARMV4I).ActiveCfg = Debug|Win32
		{4A07BB2B-F56E-4F1B-A729-D28B782AC128}.Release_Static|Win32.ActiveCfg = Release_Static|Win32
		{4A07BB2B-F56E-4F1B-A729-D28B782AC128}.Release_Static|Win32.Build.0 = Release_Static|Win32
		{4A07BB2B-F56E-4F1B-A729-D28B782AC128}.Release_Static|Windows Mobile 5.0 Pocket PC SDK (ARMV4I).ActiveCfg = Release_Static|Win32
		{4A07BB2B-F56E-4F1B-A729-D28B782AC128}.Release_Static|Windows Mobile 6 Professional SDK (ARMV4I).ActiveCfg = Release_Static|Win32
		{4A07BB2B-F56E-4F1B-A729-D28B782AC128}.Release|Win32.ActiveCfg = Release|Win32
		{4A07BB2B-F56E-4F1B-A729-D28B782AC128}.Release|Win32.Build.0 = Release|Win32
		{4A07BB2B-F56E-4F1B-A729-D28B782AC128}.Release|Windows Mobile 5.0 Pocket PC SDK (ARMV4I).ActiveCfg = Release|Win32
		{4A07BB2B-F56E-4F1B-A729-D28B782AC128}.Release|Windows Mobile 6 Professional SDK (ARMV4I).ActiveCfg = Release|Win32
		{CF70F278-3364-4395-A2E1-23501C9B8AD2}.Debug_Static|Win32.ActiveCfg = Debug_Static|Win32
		{CF70F278-3364-4395-A2E1-23501C9B8AD2}.Debug_Static|Win32.Build.0 = Debug_Static|Win32
		{CF70F278-3364-4395-A2E1-23501C9B8AD2}.Debug_Static|Windows Mobile 5.0 Pocket PC SDK (ARMV4I).ActiveCfg = Debug_Static|Win32
		{CF70F278-3364-4395-A2E1-23501C9B8AD2}.Debug_Static|Windows Mobile 6 Professional SDK (ARMV4I).ActiveCfg = Debug_Static|Win32
		{CF70F278-3364-4395-A2E1-23501C9B8AD2}.Debug|Win32.ActiveCfg = Debug|Win32
		{CF70F278-3364-4395-A2E1-23501C9B8AD2}.Debug|Win32.Build.0 = Debug|Win32
		{CF70F278-3364-4395-A2E1-23501C9B8AD2}.Debug|Windows Mobile 5.0 Pocket PC SDK (ARMV4I).ActiveCfg = Debug|Win32
		{CF70F278-3364-4395-A2E1-23501C9B8AD2}.Debug|Windows Mobile 6 Professional SDK (ARMV4I).ActiveCfg = Debug|Win32
		{CF70F278-3364-4395-A2E1-23501C9B8AD2}.Release_Static|Win32.ActiveCfg = Release_Static|Win32
		{CF70F278-3364-4395-A2E1-23501C9B8AD2}.Release_Static|Win32.Build.0 = Release_Static|Win32
		{CF70F278-3364-4395-A2E1-23501C9B8AD2}.Release_Static|Windows Mobile 5.0 Pocket PC SDK (ARMV4I).ActiveCfg = Release_Static|Win32
		{CF70F278-3364-4395-A2E1-23501C9B8AD2}.Release_Static|Windows Mobile 6 Professional SDK (ARMV4I).ActiveCfg = Release_Static|Win32
		{CF70F278-3364-4395-A2E1-23501C9B8AD2}.Release|Win32.ActiveCfg = Release|Win32
		{CF70F278-3364-4395-A2E1-23501C9B8AD2}.Release|Win32.Build.0 = Release|Win32
		{CF70F278-3364-4395-A2E1-23501C9B8AD2}.Release|Windows Mobile 5.0 Pocket PC SDK (ARMV4I).ActiveCfg = Release|Win32
		{CF70F278-3364-4395-A2E1-23501C9B8AD2}.Release|Windows Mobile 6 Professional SDK (ARMV4I).ActiveCfg = Release|Win32
		{4A13F558-71BD-4973-B568-8C71CA49A888}.Debug_Static|Win32.ActiveCfg = Debug_Static|Win32
		{4A13F558-71BD-4973-B568-8C71CA49A888}.Debug_Static|Win32.Build.0 = Debug_Static|Win32
		{4A13F558-71BD-4973-B568-8C71CA49A888}.Debug_Static|Windows Mobile 5.0 Pocket PC SDK (ARMV4I).ActiveCfg = Debug_Static|Win32
		{4A13F558-71BD-4973-B568-8C71CA49A888}.Debug_Static|Windows Mobile 6 Professional SDK (ARMV4I).ActiveCfg = Debug_Static|Win32
		{4A13F558-71BD-4973-B568-8C71CA49A888}.Debug|Win32.ActiveCfg = Debug|Win32
		{4A13F558-71BD-4973-B568-8C71CA49A888}.Debug|Win32.Build.0 = Debug|Win32
		{4A13F558-71BD-4973-B568-8C71CA49A888}.Debug|Windows Mobile 5.0 Pocket PC SDK (ARMV4I).ActiveCfg = Debug|Win32
		{4A13F558-71BD-4973-B568-8C71CA49A888}.Debug|Windows Mobile 6 Professional SDK (ARMV4I).ActiveCfg = Debug|Win32
		{4A13F558-71BD-4973-B568-8C71CA49A888}.Release_Static|Win32.ActiveCfg = Release_Static|Win32
		{4A13F558-71BD-4973-B568-8C71CA49A888}.Release_Static|Win32.Build.0 = Release_Static|Win32
		{4A13F558-71BD-4973-B568-8C71CA49A888}.Release_Static|Windows Mobile 5.0 Pocket PC SDK (ARMV4I).ActiveCfg = Release_Static|Win32
		{4A13F558-71BD-4973-B568-8C71CA49A888}.Release_Static|Windows Mobile 6 Professional SDK (ARMV4I).ActiveCfg = Release_Static|Win32
		{4A13F558-71BD-4973-B568-8C71CA49A888}.Release|Win32.ActiveCfg = Release|Win32
		{4A13F558-71BD-4973-B568-8C71CA49A888}.Release|Win32.Build.0 = Release|Win32
		{4A13F558-71BD-4973-B568-8C71CA49A888}.Release|Windows Mobile 5.0 Pocket PC SDK (ARMV4I).ActiveCfg = Release|Win32
		{4A13F558-71BD-4973-B568-8C71CA49A888}.Release|Windows Mobile 6 Professional SDK (ARMV4I).ActiveCfg = Release|Win32
		{E2C55B0B-2151-4950-87CA-B0AE37CB8DA8}.Debug_Static|Win32.ActiveCfg = Debug_Static|Win32
		{E2C55B0B-2151-4950-87CA-B0AE37CB8DA8}.Debug_Static|Win32.Build.0 = Debug_Static|Win32
		{E2C55B0B-2151-4950-87CA-B0AE37CB8DA8}.Debug_Static|Windows Mobile 5.0 Pocket PC SDK (ARMV4I).ActiveCfg = Debug_Static|Win32
		{E2C55B0B-2151-4950-87CA-B0AE37CB8DA8}.Debug_Static|Windows Mobile 6 Professional SDK (ARMV4I).ActiveCfg = Debug_Static|Win32
		{E2C55B0B-2151-4950-87CA-B0AE37CB8DA8}.Debug|Win32.ActiveCfg = Debug|Win32
		{E2C55B0B-2151-4950-87CA-B0AE37CB8DA8}.Debug|Win32.Build.0 = Debug|Win32
		{E2C55B0B-2151-4950-87CA-B0AE37CB8DA8}.Debug|Windows Mobile 5.0 Pocket PC SDK (ARMV4I).ActiveCfg = Debug|Win32
		{E2C55B0B-2151-4950-87CA-B0AE37CB8DA8}.Debug|Windows Mobile 6 Professional SDK (ARMV4I).ActiveCfg = Debug|Win32
		{E2C55B0B-2151-4950-87CA-B0AE37CB8DA8}.Release_Static|Win32.ActiveCfg = Release_Static|Win32
		{E2C55B0B-2151-4950-87CA-B0AE37CB8DA8}.Release_Static|Win32.Build.0 = Release_Static|Win32
		{E2C55B0B-2151-4950-87CA-B0AE37CB8DA8}.Release_Static|Windows Mobile 5.0 Pocket PC SDK (ARMV4I).ActiveCfg = Release_Static|Win32
		{E2C55B0B-2151-4950-87CA-B0AE37CB8DA8}.Release_Static|Windows Mobile 6 Professional SDK (ARMV4I).ActiveCfg = Release_Static|Win32
		{E2C55B0B-2151-4950-87CA-B0AE37CB8DA8}.Release|Win32.ActiveCfg = Release|Win32
		{E2C55B0B-2151-4950-87CA-B0AE37CB8DA8}.Release|Win32.Build.0 = Release|Win32
		{E2C55B0B-2151-4950-87CA-B0AE37CB8DA8}.Release|Windows Mobile 5.0 Pocket PC SDK (ARMV4I).ActiveCfg = Release|Win32
		{E2C55B0B-2151-4950-87CA-B0AE37CB8DA8}.Release|Windows Mobile 6 Professional SDK (ARMV4I).ActiveCfg = Release|Win32
		{D84D100A-7C21-4CCB-B16E-0FB37137C16C}.Debug_Static|Win32.ActiveCfg = Debug_Static|Win32
		{D84D100A-7C21-4CCB-B16E-0FB37137C16C}.Debug_Static|Win32.Build.0 = Debug_Static|Win32
		{D84D100A-7C21-4CCB-B16E-0FB37137C16C}.Debug_Static|Windows Mobile 5.0 Pocket PC SDK (ARMV4I).ActiveCfg = Debug_Static|Win32
		{D84D100A-7C21-4CCB-B16E-0FB37137C16C}.Debug_Static|Windows Mobile 6 Professional SDK (ARMV4I).ActiveCfg = Debug_Static|Win32
		{D84D100A-7C21-4CCB-B16E-0FB37137C16C}.Debug|Win32.ActiveCfg = Debug|Win32
		{D84D100A-7C21-4CCB-B16E-0FB37137C16C}.Debug|Win32.Build.0 = Debug|Win32
		{D84D100A-7C21-4CCB-B16E-0FB37137C16C}.Debug|Windows Mobile 5.0 Pocket PC SDK (ARMV4I).ActiveCfg = Debug|Win32
		{D84D100A-7C21-4CCB-B16E-0FB37137C16C}.Debug|Windows Mobile 6 Professional SDK (ARMV4I).ActiveCfg = Debug|Win32
		{D84D100A-7C21-4CCB-B16E-0FB37137C16C}.Release_Static|Win32.ActiveCfg = Release_Static|Win32
		{D84D100A-7C21-4CCB-B16E-0FB37137C16C}.Release_Static|Win32.Build.0 = Release_Static|Win32
		{D84D100A-7C21-4CCB-B16E-0FB37137C16C}.Release_Static|Windows Mobile 5.0 Pocket PC SDK (ARMV4I).ActiveCfg = Release_Static|Win32
		{D84D100A-7C21-4CCB-B16E-0FB37137C16C}.Release_Static|Windows Mobile 6 Professional SDK (ARMV4I).ActiveCfg = Release_Static|Win32
		{D84D100A-7C21-4CCB-B16E-0FB37137C16C}.Release|Win32.ActiveCfg = Release|Win32
		{D84D100A-7C21-4CCB-B16E-0FB37137C16C}.Release|Win32.Build.0 = Release|Win32
		{D84D100A-7C21-4CCB-B16E-0FB37137C16C}.Release|Windows Mobile 5.0 Pocket PC SDK (ARMV4I).ActiveCfg = Release|Win32
		{D84D100A-7C21-4CCB-B16E-0FB37137C16C}.Release|Windows Mobile 6 Professional SDK (ARMV4I).ActiveCfg = Release|Win32
		{4C848417-B545-468B-AA0C-44EE73BC7B9B}.Debug_Static|Win32.ActiveCfg = Debug_Static|Win32
		{4C848417-B545-468B-AA0C-44EE73BC7B9B}.Debug_Static|Win32.Build.0 = Debug_Static|Win32
		{4C848417-B545-468B-AA0C-44EE73BC7B9B}.Debug_Static|Windows Mobile 5.0 Pocket PC SDK (ARMV4I).ActiveCfg = Debug_Static|Win32
		{4C848417-B545-468B-AA0C-44EE73BC7B9B}.Debug_Static|Windows Mobile 6 Professional SDK (ARMV4I).ActiveCfg = Debug_Static|Win32
		{4C848417-B545-468B-AA0C-44EE73BC7B9B}.Debug|Win32.ActiveCfg = Debug|Win32
		{4C848417-B545-468B-AA0C-44EE73BC7B9B}.Debug|Win32.Build.0 = Debug|Win32
		{4C848417-B545-468B-AA0C-44EE73BC7B9B}.Debug|Windows Mobile 5.0 Pocket PC SDK (ARMV4I).ActiveCfg = Debug|Win32
		{4C848417-B545-468B-AA0C-44EE73BC7B9B}.Debug|Windows Mobile 6 Professional SDK (ARMV4I).ActiveCfg = Debug|Win32
		{4C848417-B545-468B-AA0C-44EE73BC7B9B}.Release_Static|Win32.ActiveCfg = Release_Static|Win32
		{4C848417-B545-468B-AA0C-44EE73BC7B9B}.Release_Static|Win32.Build.0 = Release_Static|Win32
		{4C848417-B545-468B-AA0C-44EE73BC7B9B}.Release_Static|Windows Mobile 5.0 Pocket PC SDK (ARMV4I).ActiveCfg = Release_Static|Win32
		{4C848417-B545-468B-AA0C-44EE73BC7B9B}.Release_Static|Windows Mobile 6 Professional SDK (ARMV4I).ActiveCfg = Release_Static|Win32
		{4C848417-B545-468B-AA0C-44EE73BC7B9B}.Release|Win32.ActiveCfg = Release|Win32
		{4C848417-B545-468B-AA0C-44EE73BC7B9B}.Release|Win32.Build.0 = Release|Win32
		{4C848417-B545-468B-AA0C-44EE73BC7B9B}.Release|Windows Mobile 5.0 Pocket PC SDK (ARMV4I).ActiveCfg = Release|Win32
		{4C848417-B545-468B-AA0C-44EE73BC7B9B}.Release|Windows Mobile 6 Professional SDK (ARMV4I).ActiveCfg = Release|Win32
		{1F726B88-8807-4E99-9982-CCE33198BEE8}.Debug_Static|Win32.ActiveCfg = Debug_Static|Win32
		{1F726B88-8807-4E99-9982-CCE33198BEE8}.Debug_Static|Win32.Build.0 = Debug_Static|Win32
		{1F726B88-8807-4E99-9982-CCE33198BEE8}.Debug_Static|Windows Mobile 5.0 Pocket PC SDK (ARMV4I).ActiveCfg = Debug_Static|Win32
		{1F726B88-8807-4E99-9982-CCE33198BEE8}.Debug_Static|Windows Mobile 6 Professional SDK (ARMV4I).ActiveCfg = Debug_Static|Win32
		{1F726B88-8807-4E99-9982-CCE33198BEE8}.Debug|Win32.ActiveCfg = Debug|Win32
		{1F726B88-8807-4E99-9982-CCE33198BEE8}.Debug|Win32.Build.0 = Debug|Win32
		{1F726B88-8807-4E99-9982-CCE33198BEE8}.Debug|Windows Mobile 5.0 Pocket PC SDK (ARMV4I).ActiveCfg = Debug|Win32
		{1F726B88-8807-4E99-9982-CCE33198BEE8}.Debug|Windows Mobile 6 Professional SDK (ARMV4I).ActiveCfg = Debug|Win32
		{1F726B88-8807-4E99-9982-CCE33198BEE8}.Release_Static|Win32.ActiveCfg = Release_Static|Win32
		{1F726B88-8807-4E99-9982-CCE33198BEE8}.Release_Static|Win32.Build.0 = Release_Static|Win32
		{1F726B88-8807-4E99-9982-CCE33198BEE8}.Release_Static|Windows Mobile 5.0 Pocket PC SDK (ARMV4I).ActiveCfg = Release_Static|Win32
		{1F726B88-8807-4E99-9982-CCE33198BEE8}.Release_Static|Windows Mobile 6 Professional SDK (ARMV4I).ActiveCfg = Release_Static|Win32
		{1F726B88-8807-4E99-9982-CCE33198BEE8}.Release|Win32.ActiveCfg = Release|Win32
		{1F726B88-8807-4E99-9982-CCE33198BEE8}.Release|Win32.Build.0 = Release|Win32
		{1F726B88-8807-4E99-9982-CCE33198BEE8}.Release|Windows Mobile 5.0 Pocket PC SDK (ARMV4I).ActiveCfg = Release|Win32
		{1F726B88-8807-4E99-9982-CCE33198BEE8}.Release|Windows Mobile 6 Professional SDK (ARMV4I).ActiveCfg = Release|Win32
		{3D73B2C7-9C2A-4901-9714-03FFB9367644}.Debug_Static|Win32.ActiveCfg = Debug_Static|Win32
		{3D73B2C7-9C2A-4901-9714-03FFB9367644}.Debug_Static|Win32.Build.0 = Debug_Static|Win32
		{3D73B2C7-9C2A-4901-9714-03FFB9367644}.Debug_Static|Windows Mobile 5.0 Pocket PC SDK (ARMV4I).ActiveCfg = Debug_Static|Win32
		{3D73B2C7-9C2A-4901-9714-03FFB9367644}.Debug_Static|Windows Mobile 6 Professional SDK (ARMV4I).ActiveCfg = Debug_Static|Win32
		{3D73B2C7-9C2A-4901-9714-03FFB9367644}.Debug|Win32.ActiveCfg = Debug|Win32
		{3D73B2C7-9C2A-4901-9714-03FFB9367644}.Debug|Win32.Build.0 = Debug|Win32
		{3D73B2C7-9C2A-4901-9714-03FFB9367644}.Debug|Windows Mobile 5.0 Pocket PC SDK (ARMV4I).ActiveCfg = Debug|Win32
		{3D73B2C7-9C2A-4901-9714-03FFB9367644}.Debug|Windows Mobile 6 Professional SDK (ARMV4I).ActiveCfg = Debug|Win32
		{3D73B2C7-9C2A-4901-9714-03FFB9367644}.Release_Static|Win32.ActiveCfg = Release_Static|Win32
		{3D73B2C7-9C2A-4901-9714-03FFB9367644}.Release_Static|Win32.Build.0 = Release_Static|Win32
		{3D73B2C7-9C2A-4901-9714-03FFB9367644}.Release_Static|Windows Mobile 5.0 Pocket PC SDK (ARMV4I).ActiveCfg = Release_Static|Win32
		{3D73B2C7-9C2A-4901-9714-03FFB9367644}.Release_Static|Windows Mobile 6 Professional SDK (ARMV4I).ActiveCfg = Release_Static|Win32
		{3D73B2C7-9C2A-4901-9714-03FFB9367644}.Release|Win32.ActiveCfg = Release|Win32
		{3D73B2C7-9C2A-4901-9714-03FFB9367644}.Release|Win32.Build.0 = Release|Win32
		{3D73B2C7-9C2A-4901-9714-03FFB9367644}.Release|Windows Mobile 5.0 Pocket PC SDK (ARMV4I).ActiveCfg = Release|Win32
		{3D73B2C7-9C2A-4901-9714-03FFB9367644}.Release|Windows Mobile 6 Professional SDK (ARMV4I).ActiveCfg = Release|Win32
		{88AFBB12-0392-4210-A89C-E932BE3AB2E0}.Debug_Static|Win32.ActiveCfg = Debug_Static|Win32
		{88AFBB12-0392-4210-A89C-E932BE3AB2E0}.Debug_Static|Win32.Build.0 = Debug_Static|Win32
		{88AFBB12-0392-4210-A89C-E932BE3AB2E0}.Debug_Static|Windows Mobile 5.0 Pocket PC SDK (ARMV4I).ActiveCfg = Debug_Static|Win32
		{88AFBB12-0392-4210-A89C-E932BE3AB2E0}.Debug_Static|Windows Mobile 6 Professional SDK (ARMV4I).ActiveCfg = Debug_Static|Win32
		{88AFBB12-0392-4210-A89C-E932BE3AB2E0}.Debug|Win32.ActiveCfg = Debug|Win32
		{88AFBB12-0392-4210-A89C-E932BE3AB2E0}.Debug|Win32.Build.0 = Debug|Win32
		{88AFBB12-0392-4210-A89C-E932BE3AB2E0}.Debug|Windows Mobile 5.0 Pocket PC SDK (ARMV4I).ActiveCfg = Debug|Win32
		{88AFBB12-0392-4210-A89C-E932BE3AB2E0}.Debug|Windows Mobile 6 Professional SDK (ARMV4I).ActiveCfg = Debug|Win32
		{88AFBB12-0392-4210-A89C-E932BE3AB2E0}.Release_Static|Win32.ActiveCfg = Release_Static|Win32
		{88AFBB12-0392-4210-A89C-E932BE3AB2E0}.Release_Static|Win32.Build.0 = Release_Static|Win32
		{88AFBB12-0392-4210-A89C-E932BE3AB2E0}.Release_Static|Windows Mobile 5.0 Pocket PC SDK (ARMV4I).ActiveCfg = Release_Static|Win32
		{88AFBB12-0392-4210-A89C-E932BE3AB2E0}.Release_Static|Windows Mobile 6 Professional SDK (ARMV4I).ActiveCfg = Release_Static|Win32
		{88AFBB12-0392-4210-A89C-E932BE3AB2E0}.Release|Win32.ActiveCfg = Release|Win32
		{88AFBB12-0392-4210-A89C-E932BE3AB2E0}.Release|Win32.Build.0 = Release|Win32
		{88AFBB12-0392-4210-A89C-E932BE3AB2E0}.Release|Windows Mobile 5.0 Pocket PC SDK (ARMV4I).ActiveCfg = Release|Win32
		{88AFBB12-0392-4210-A89C-E932BE3AB2E0}.Release|Windows Mobile 6 Professional SDK (ARMV4I).ActiveCfg = Release|Win32
		{291937F3-8615-464C-8375-9DA2B84CDA1F}.Debug_Static|Win32.ActiveCfg = Debug_Static|Win32
		{291937F3-8615-464C-8375-9DA2B84CDA1F}.Debug_Static|Win32.Build.0 = Debug_Static|Win32
		{291937F3-8615-464C-8375-9DA2B84CDA1F}.Debug_Static|Windows Mobile 5.0 Pocket PC SDK (ARMV4I).ActiveCfg = Debug_Static|Win32
		{291937F3-8615-464C-8375-9DA2B84CDA1F}.Debug_Static|Windows Mobile 6 Professional SDK (ARMV4I).ActiveCfg = Debug_Static|Win32
		{291937F3-8615-464C-8375-9DA2B84CDA1F}.Debug|Win32.ActiveCfg = Debug|Win32
		{291937F3-8615-464C-8375-9DA2B84CDA1F}.Debug|Win32.Build.0 = Debug|Win32
		{291937F3-8615-464C-8375-9DA2B84CDA1F}.Debug|Windows Mobile 5.0 Pocket PC SDK (ARMV4I).ActiveCfg = Debug|Win32
		{291937F3-8615-464C-8375-9DA2B84CDA1F}.Debug|Windows Mobile 6 Professional SDK (ARMV4I).ActiveCfg = Debug|Win32
		{291937F3-8615-464C-8375-9DA2B84CDA1F}.Release_Static|Win32.ActiveCfg = Release_Static|Win32
		{291937F3-8615-464C-8375-9DA2B84CDA1F}.Release_Static|Win32.Build.0 = Release_Static|Win32
		{291937F3-8615-464C-8375-9DA2B84CDA1F}.Release_Static|Windows Mobile 5.0 Pocket PC SDK (ARMV4I).ActiveCfg = Release_Static|Win32
		{291937F3-8615-464C-8375-9DA2B84CDA1F}.Release_Static|Windows Mobile 6 Professional SDK (ARMV4I).ActiveCfg = Release_Static|Win32
		{291937F3-8615-464C-8375-9DA2B84CDA1F}.Release|Win32.ActiveCfg = Release|Win32
		{291937F3-8615-464C-8375-9DA2B84CDA1F}.Release|Win32.Build.0 = Release|Win32
		{291937F3-8615-464C-8375-9DA2B84CDA1F}.Release|Windows Mobile 5.0 Pocket PC SDK (ARMV4I).ActiveCfg = Release|Win32
		{291937F3-8615-464C-8375-9DA2B84CDA1F}.Release|Windows Mobile 6 Professional SDK (ARMV4I).ActiveCfg = Release|Win32
		{0A07DB23-1A12-4DD5-92EA-A80C21EDD0F5}.Debug_Static|Win32.ActiveCfg = Debug_Static|Win32
		{0A07DB23-1A12-4DD5-92EA-A80C21EDD0F5}.Debug_Static|Win32.Build.0 = Debug_Static|Win32
		{0A07DB23-1A12-4DD5-92EA-A80C21EDD0F5}.Debug_Static|Windows Mobile 5.0 Pocket PC SDK (ARMV4I).ActiveCfg = Debug_Static|Win32
		{0A07DB23-1A12-4DD5-92EA-A80C21EDD0F5}.Debug_Static|Windows Mobile 6 Professional SDK (ARMV4I).ActiveCfg = Debug_Static|Win32
		{0A07DB23-1A12-4DD5-92EA-A80C21EDD0F5}.Debug|Win32.ActiveCfg = Debug|Win32
		{0A07DB23-1A12-4DD5-92EA-A80C21EDD0F5}.Debug|Win32.Build.0 = Debug|Win32
		{0A07DB23-1A12-4DD5-92EA-A80C21EDD0F5}.Debug|Windows Mobile 5.0 Pocket PC SDK (ARMV4I).ActiveCfg = Debug|Win32
		{0A07DB23-1A12-4DD5-92EA-A80C21EDD0F5}.Debug|Windows Mobile 6 Professional SDK (ARMV4I).ActiveCfg = Debug|Win32
		{0A07DB23-1A12-4DD5-92EA-A80C21EDD0F5}.Release_Static|Win32.ActiveCfg = Release_Static|Win32
		{0A07DB23-1A12-4DD5-92EA-A80C21EDD0F5}.Release_Static|Win32.Build.0 = Release_Static|Win32
		{0A07DB23-1A12-4DD5-92EA-A80C21EDD0F5}.Release_Static|Windows Mobile 5.0 Pocket PC SDK (ARMV4I).ActiveCfg = Release_Static|Win32
		{0A07DB23-1A12-4DD5-92EA-A80C21EDD0F5}.Release_Static|Windows Mobile 6 Professional SDK (ARMV4I).ActiveCfg = Release_Static|Win32
		{0A07DB23-1A12-4DD5-92EA-A80C21EDD0F5}.Release|Win32.ActiveCfg = Release|Win32
		{0A07DB23-1A12-4DD5-92EA-A80C21EDD0F5}.Release|Win32.Build.0 = Release|Win32
		{0A07DB23-1A12-4DD5-92EA-A80C21EDD0F5}.Release|Windows Mobile 5.0 Pocket PC SDK (ARMV4I).ActiveCfg = Release|Win32
		{0A07DB23-1A12-4DD5-92EA-A80C21EDD0F5}.Release|Windows Mobile 6 Professional SDK (ARMV4I).ActiveCfg = Release|Win32
		{918D7B50-AC27-4C72-B90F-A44963B3F11D}.Debug_Static|Win32.ActiveCfg = Debug_Static|Win32
		{918D7B50-AC27-4C72-B90F-A44963B3F11D}.Debug_Static|Win32.Build.0 = Debug_Static|Win32
		{918D7B50-AC27-4C72-B90F-A44963B3F11D}.Debug_Static|Windows Mobile 5.0 Pocket PC SDK (ARMV4I).ActiveCfg = Debug_Static|Win32
		{918D7B50-AC27-4C72-B90F-A44963B3F11D}.Debug_Static|Windows Mobile 6 Professional SDK (ARMV4I).ActiveCfg = Debug_Static|Win32
		{918D7B50-AC27-4C72-B90F-A44963B3F11D}.Debug|Win32.ActiveCfg = Debug|Win32
		{918D7B50-AC27-4C72-B90F-A44963B3F11D}.Debug|Win32.Build.0 = Debug|Win32
		{918D7B50-AC27-4C72-B90F-A44963B3F11D}.Debug|Windows Mobile 5.0 Pocket PC SDK (ARMV4I).ActiveCfg = Debug|Win32
		{918D7B50-AC27-4C72-B90F-A44963B3F11D}.Debug|Windows Mobile 6 Professional SDK (ARMV4I).ActiveCfg = Debug|Win32
		{918D7B50-AC27-4C72-B90F-A44963B3F11D}.Release_Static|Win32.ActiveCfg = Release_Static|Win32
		{918D7B50-AC27-4C72-B90F-A44963B3F11D}.Release_Static|Win32.Build.0 = Release_Static|Win32
		{918D7B50-AC27-4C72-B90F-A44963B3F11D}.Release_Static|Windows Mobile 5.0 Pocket PC SDK (ARMV4I).ActiveCfg = Release_Static|Win32
		{918D7B50-AC27-4C72-B90F-A44963B3F11D}.Release_Static|Windows Mobile 6 Professional SDK (ARMV4I).ActiveCfg = Release_Static|Win32
		{918D7B50-AC27-4C72-B90F-A44963B3F11D}.Release|Win32.ActiveCfg = Release|Win32
		{918D7B50-AC27-4C72-B90F-A44963B3F11D}.Release|Win32.Build.0 = Release|Win32
		{918D7B50-AC27-4C72-B90F-A44963B3F11D}.Release|Windows Mobile 5.0 Pocket PC SDK (ARMV4I).ActiveCfg = Release|Win32
		{918D7B50-AC27-4C72-B90F-A44963B3F11D}.Release|Windows Mobile 6 Professional SDK (ARMV4I).ActiveCfg = Release|Win32
		{1EDA1351-030F-4109-B73F-7FDB1BF084F4}.Debug_Static|Win32.ActiveCfg = Debug_Static|Win32
		{1EDA1351-030F-4109-B73F-7FDB1BF084F4}.Debug_Static|Win32.Build.0 = Debug_Static|Win32
		{1EDA1351-030F-4109-B73F-7FDB1BF084F4}.Debug_Static|Windows Mobile 5.0 Pocket PC SDK (ARMV4I).ActiveCfg = Debug_Static|Win32
		{1EDA1351-030F-4109-B73F-7FDB1BF084F4}.Debug_Static|Windows Mobile 6 Professional SDK (ARMV4I).ActiveCfg = Debug_Static|Win32
		{1EDA1351-030F-4109-B73F-7FDB1BF084F4}.Debug|Win32.ActiveCfg = Debug|Win32
		{1EDA1351-030F-4109-B73F-7FDB1BF084F4}.Debug|Win32.Build.0 = Debug|Win32
		{1EDA1351-030F-4109-B73F-7FDB1BF084F4}.Debug|Windows Mobile 5.0 Pocket PC SDK (ARMV4I).ActiveCfg = Debug|Win32
		{1EDA1351-030F-4109-B73F-7FDB1BF084F4}.Debug|Windows Mobile 6 Professional SDK (ARMV4I).ActiveCfg = Debug|Win32
		{1EDA1351-030F-4109-B73F-7FDB1BF084F4}.Release_Static|Win32.ActiveCfg = Release_Static|Win32
		{1EDA1351-030F-4109-B73F-7FDB1BF084F4}.Release_Static|Win32.Build.0 = Release_Static|Win32
		{1EDA1351-030F-4109-B73F-7FDB1BF084F4}.Release_Static|Windows Mobile 5.0 Pocket PC SDK (ARMV4I).ActiveCfg = Release_Static|Win32
		{1EDA1351-030F-4109-B73F-7FDB1BF084F4}.Release_Static|Windows Mobile 6 Professional SDK (ARMV4I).ActiveCfg = Release_Static|Win32
		{1EDA1351-030F-4109-B73F-7FDB1BF084F4}.Release|Win32.ActiveCfg = Release|Win32
		{1EDA1351-030F-4109-B73F-7FDB1BF084F4}.Release|Win32.Build.0 = Release|Win32
		{1EDA1351-030F-4109-B73F-7FDB1BF084F4}.Release|Windows Mobile 5.0 Pocket PC SDK (ARMV4I).ActiveCfg = Release|Win32
		{1EDA1351-030F-4109-B73F-7FDB1BF084F4}.Release|Windows Mobile 6 Professional SDK (ARMV4I).ActiveCfg = Release|Win32
		{2FBA4363-0708-4D45-8291-76E867329DEF}.Debug_Static|Win32.ActiveCfg = Debug_Static|Win32
		{2FBA4363-0708-4D45-8291-76E867329DEF}.Debug_Static|Win32.Build.0 = Debug_Static|Win32
		{2FBA4363-0708-4D45-8291-76E867329DEF}.Debug_Static|Windows Mobile 5.0 Pocket PC SDK (ARMV4I).ActiveCfg = Debug|Win32
		{2FBA4363-0708-4D45-8291-76E867329DEF}.Debug_Static|Windows Mobile 6 Professional SDK (ARMV4I).ActiveCfg = Debug|Win32
		{2FBA4363-0708-4D45-8291-76E867329DEF}.Debug|Win32.ActiveCfg = Debug|Win32
		{2FBA4363-0708-4D45-8291-76E867329DEF}.Debug|Win32.Build.0 = Debug|Win32
		{2FBA4363-0708-4D45-8291-76E867329DEF}.Debug|Windows Mobile 5.0 Pocket PC SDK (ARMV4I).ActiveCfg = Debug|Win32
		{2FBA4363-0708-4D45-8291-76E867329DEF}.Debug|Windows Mobile 6 Professional SDK (ARMV4I).ActiveCfg = Debug|Win32
		{2FBA4363-0708-4D45-8291-76E867329DEF}.Release_Static|Win32.ActiveCfg = Release_Static|Win32
		{2FBA4363-0708-4D45-8291-76E867329DEF}.Release_Static|Win32.Build.0 = Release_Static|Win32
		{2FBA4363-0708-4D45-8291-76E867329DEF}.Release_Static|Windows Mobile 5.0 Pocket PC SDK (ARMV4I).ActiveCfg = Release|Win32
		{2FBA4363-0708-4D45-8291-76E867329DEF}.Release_Static|Windows Mobile 6 Professional SDK (ARMV4I).ActiveCfg = Release|Win32
		{2FBA4363-0708-4D45-8291-76E867329DEF}.Release|Win32.ActiveCfg = Release|Win32
		{2FBA4363-0708-4D45-8291-76E867329DEF}.Release|Win32.Build.0 = Release|Win32
		{2FBA4363-0708-4D45-8291-76E867329DEF}.Release|Windows Mobile 5.0 Pocket PC SDK (ARMV4I).ActiveCfg = Release|Win32
		{2FBA4363-0708-4D45-8291-76E867329DEF}.Release|Windows Mobile 6 Professional SDK (ARMV4I).ActiveCfg = Release|Win32
		{D49B0779-5B54-4916-9E54-E35E740C9710}.Debug_Static|Win32.ActiveCfg = Debug_Static|Win32
		{D49B0779-5B54-4916-9E54-E35E740C9710}.Debug_Static|Win32.Build.0 = Debug_Static|Win32
		{D49B0779-5B54-4916-9E54-E35E740C9710}.Debug_Static|Windows Mobile 5.0 Pocket PC SDK (ARMV4I).ActiveCfg = Debug|Win32
		{D49B0779-5B54-4916-9E54-E35E740C9710}.Debug_Static|Windows Mobile 6 Professional SDK (ARMV4I).ActiveCfg = Debug|Win32
		{D49B0779-5B54-4916-9E54-E35E740C9710}.Debug|Win32.ActiveCfg = Debug|Win32
		{D49B0779-5B54-4916-9E54-E35E740C9710}.Debug|Win32.Build.0 = Debug|Win32
		{D49B0779-5B54-4916-9E54-E35E740C9710}.Debug|Windows Mobile 5.0 Pocket PC SDK (ARMV4I).ActiveCfg = Debug|Win32
		{D49B0779-5B54-4916-9E54-E35E740C9710}.Debug|Windows Mobile 6 Professional SDK (ARMV4I).ActiveCfg = Debug|Win32
		{D49B0779-5B54-4916-9E54-E35E740C9710}.Release_Static|Win32.ActiveCfg = Release_Static|Win32
		{D49B0779-5B54-4916-9E54-E35E740C9710}.Release_Static|Win32.Build.0 = Release_Static|Win32
		{D49B0779-5B54-4916-9E54-E35E740C9710}.Release_Static|Windows Mobile 5.0 Pocket PC SDK (ARMV4I).ActiveCfg = Release|Win32
		{D49B0779-5B54-4916-9E54-E35E740C9710}.Release_Static|Windows Mobile 6 Professional SDK (ARMV4I).ActiveCfg = Release|Win32
		{D49B0779-5B54-4916-9E54-E35E740C9710}.Release|Win32.ActiveCfg = Release|Win32
		{D49B0779-5B54-4916-9E54-E35E740C9710}.Release|Win32.Build.0 = Release|Win32
		{D49B0779-5B54-4916-9E54-E35E740C9710}.Release|Windows Mobile 5.0 Pocket PC SDK (ARMV4I).ActiveCfg = Release|Win32
		{D49B0779-5B54-4916-9E54-E35E740C9710}.Release|Windows Mobile 6 Professional SDK (ARMV4I).ActiveCfg = Release|Win32
		{AFDA983B-0C3D-4BA4-BD8C-D6D530CB7C1D}.Debug_Static|Win32.ActiveCfg = Debug|Win32
		{AFDA983B-0C3D-4BA4-BD8C-D6D530CB7C1D}.Debug_Static|Win32.Build.0 = Debug|Win32
		{AFDA983B-0C3D-4BA4-BD8C-D6D530CB7C1D}.Debug_Static|Windows Mobile 5.0 Pocket PC SDK (ARMV4I).ActiveCfg = Debug|Win32
		{AFDA983B-0C3D-4BA4-BD8C-D6D530CB7C1D}.Debug_Static|Windows Mobile 6 Professional SDK (ARMV4I).ActiveCfg = Debug|Win32
		{AFDA983B-0C3D-4BA4-BD8C-D6D530CB7C1D}.Debug|Win32.ActiveCfg = Debug|Win32
		{AFDA983B-0C3D-4BA4-BD8C-D6D530CB7C1D}.Debug|Win32.Build.0 = Debug|Win32
		{AFDA983B-0C3D-4BA4-BD8C-D6D530CB7C1D}.Debug|Windows Mobile 5.0 Pocket PC SDK (ARMV4I).ActiveCfg = Debug|Win32
		{AFDA983B-0C3D-4BA4-BD8C-D6D530CB7C1D}.Debug|Windows Mobile 6 Professional SDK (ARMV4I).ActiveCfg = Debug|Win32
		{AFDA983B-0C3D-4BA4-BD8C-D6D530CB7C1D}.Release_Static|Win32.ActiveCfg = Release_Static|Win32
		{AFDA983B-0C3D-4BA4-BD8C-D6D530CB7C1D}.Release_Static|Win32.Build.0 = Release_Static|Win32
		{AFDA983B-0C3D-4BA4-BD8C-D6D530CB7C1D}.Release_Static|Windows Mobile 5.0 Pocket PC SDK (ARMV4I).ActiveCfg = Release|Win32
		{AFDA983B-0C3D-4BA4-BD8C-D6D530CB7C1D}.Release_Static|Windows Mobile 6 Professional SDK (ARMV4I).ActiveCfg = Release|Win32
		{AFDA983B-0C3D-4BA4-BD8C-D6D530CB7C1D}.Release|Win32.ActiveCfg = Release|Win32
		{AFDA983B-0C3D-4BA4-BD8C-D6D530CB7C1D}.Release|Win32.Build.0 = Release|Win32
		{AFDA983B-0C3D-4BA4-BD8C-D6D530CB7C1D}.Release|Windows Mobile 5.0 Pocket PC SDK (ARMV4I).ActiveCfg = Release|Win32
		{AFDA983B-0C3D-4BA4-BD8C-D6D530CB7C1D}.Release|Windows Mobile 6 Professional SDK (ARMV4I).ActiveCfg = Release|Win32
		{57ADB6C3-394B-44F8-AAAA-93AF97431941}.Debug_Static|Win32.ActiveCfg = Debug|Win32
		{57ADB6C3-394B-44F8-AAAA-93AF97431941}.Debug_Static|Win32.Build.0 = Debug|Win32
		{57ADB6C3-394B-44F8-AAAA-93AF97431941}.Debug_Static|Windows Mobile 5.0 Pocket PC SDK (ARMV4I).ActiveCfg = Debug|Win32
		{57ADB6C3-394B-44F8-AAAA-93AF97431941}.Debug_Static|Windows Mobile 6 Professional SDK (ARMV4I).ActiveCfg = Debug|Win32
		{57ADB6C3-394B-44F8-AAAA-93AF97431941}.Debug|Win32.ActiveCfg = Debug|Win32
		{57ADB6C3-394B-44F8-AAAA-93AF97431941}.Debug|Win32.Build.0 = Debug|Win32
		{57ADB6C3-394B-44F8-AAAA-93AF97431941}.Debug|Windows Mobile 5.0 Pocket PC SDK (ARMV4I).ActiveCfg = Debug|Win32
		{57ADB6C3-394B-44F8-AAAA-93AF97431941}.Debug|Windows Mobile 6 Professional SDK (ARMV4I).ActiveCfg = Debug|Win32
		{57ADB6C3-394B-44F8-AAAA-93AF97431941}.Release_Static|Win32.ActiveCfg = Release_Static|Win32
		{57ADB6C3-394B-44F8-AAAA-93AF97431941}.Release_Static|Win32.Build.0 = Release_Static|Win32
		{57ADB6C3-394B-44F8-AAAA-93AF97431941}.Release_Static|Windows Mobile 5.0 Pocket PC SDK (ARMV4I).ActiveCfg = Release|Win32
		{57ADB6C3-394B-44F8-AAAA-93AF97431941}.Release_Static|Windows Mobile 6 Professional SDK (ARMV4I).ActiveCfg = Release|Win32
		{57ADB6C3-394B-44F8-AAAA-93AF97431941}.Release|Win32.ActiveCfg = Release|Win32
		{57ADB6C3-394B-44F8-AAAA-93AF97431941}.Release|Win32.Build.0 = Release|Win32
		{57ADB6C3-394B-44F8-AAAA-93AF97431941}.Release|Windows Mobile 5.0 Pocket PC SDK (ARMV4I).ActiveCfg = Release|Win32
		{57ADB6C3-394B-44F8-AAAA-93AF97431941}.Release|Windows Mobile 6 Professional SDK (ARMV4I).ActiveCfg = Release|Win32
		{354B29D7-C033-48F0-93C2-8021CD555A77}.Debug_Static|Win32.ActiveCfg = Debug|Win32
		{354B29D7-C033-48F0-93C2-8021CD555A77}.Debug_Static|Win32.Build.0 = Debug|Win32
		{354B29D7-C033-48F0-93C2-8021CD555A77}.Debug_Static|Windows Mobile 5.0 Pocket PC SDK (ARMV4I).ActiveCfg = Debug|Win32
		{354B29D7-C033-48F0-93C2-8021CD555A77}.Debug_Static|Windows Mobile 6 Professional SDK (ARMV4I).ActiveCfg = Debug|Win32
		{354B29D7-C033-48F0-93C2-8021CD555A77}.Debug|Win32.ActiveCfg = Debug|Win32
		{354B29D7-C033-48F0-93C2-8021CD555A77}.Debug|Win32.Build.0 = Debug|Win32
		{354B29D7-C033-48F0-93C2-8021CD555A77}.Debug|Windows Mobile 5.0 Pocket PC SDK (ARMV4I).ActiveCfg = Debug|Win32
		{354B29D7-C033-48F0-93C2-8021CD555A77}.Debug|Windows Mobile 6 Professional SDK (ARMV4I).ActiveCfg = Debug|Win32
		{354B29D7-C033-48F0-93C2-8021CD555A77}.Release_Static|Win32.ActiveCfg = Release_Static|Win32
		{354B29D7-C033-48F0-93C2-8021CD555A77}.Release_Static|Win32.Build.0 = Release_Static|Win32
		{354B29D7-C033-48F0-93C2-8021CD555A77}.Release_Static|Windows Mobile 5.0 Pocket PC SDK (ARMV4I).ActiveCfg = Release|Win32
		{354B29D7-C033-48F0-93C2-8021CD555A77}.Release_Static|Windows Mobile 6 Professional SDK (ARMV4I).ActiveCfg = Release|Win32
		{354B29D7-C033-48F0-93C2-8021CD555A77}.Release|Win32.ActiveCfg = Release|Win32
		{354B29D7-C033-48F0-93C2-8021CD555A77}.Release|Win32.Build.0 = Release|Win32
		{354B29D7-C033-48F0-93C2-8021CD555A77}.Release|Windows Mobile 5.0 Pocket PC SDK (ARMV4I).ActiveCfg = Release|Win32
		{354B29D7-C033-48F0-93C2-8021CD555A77}.Release|Windows Mobile 6 Professional SDK (ARMV4I).ActiveCfg = Release|Win32
		{BA3E3907-76A3-4BA6-B5FB-870942950E32}.Debug_Static|Win32.ActiveCfg = Debug_Static|Win32
		{BA3E3907-76A3-4BA6-B5FB-870942950E32}.Debug_Static|Win32.Build.0 = Debug_Static|Win32
		{BA3E3907-76A3-4BA6-B5FB-870942950E32}.Debug_Static|Windows Mobile 5.0 Pocket PC SDK (ARMV4I).ActiveCfg = Debug_Static|Win32
		{BA3E3907-76A3-4BA6-B5FB-870942950E32}.Debug_Static|Windows Mobile 6 Professional SDK (ARMV4I).ActiveCfg = Debug_Static|Win32
		{BA3E3907-76A3-4BA6-B5FB-870942950E32}.Debug|Win32.ActiveCfg = Debug|Win32
		{BA3E3907-76A3-4BA6-B5FB-870942950E32}.Debug|Win32.Build.0 = Debug|Win32
		{BA3E3907-76A3-4BA6-B5FB-870942950E32}.Debug|Windows Mobile 5.0 Pocket PC SDK (ARMV4I).ActiveCfg = Debug|Win32
		{BA3E3907-76A3-4BA6-B5FB-870942950E32}.Debug|Windows Mobile 6 Professional SDK (ARMV4I).ActiveCfg = Debug|Win32
		{BA3E3907-76A3-4BA6-B5FB-870942950E32}.Release_Static|Win32.ActiveCfg = Release_Static|Win32
		{BA3E3907-76A3-4BA6-B5FB-870942950E32}.Release_Static|Win32.Build.0 = Release_Static|Win32
		{BA3E3907-76A3-4BA6-B5FB-870942950E32}.Release_Static|Windows Mobile 5.0 Pocket PC SDK (ARMV4I).ActiveCfg = Release_Static|Win32
		{BA3E3907-76A3-4BA6-B5FB-870942950E32}.Release_Static|Windows Mobile 6 Professional SDK (ARMV4I).ActiveCfg = Release_Static|Win32
		{BA3E3907-76A3-4BA6-B5FB-870942950E32}.Release|Win32.ActiveCfg = Release|Win32
		{BA3E3907-76A3-4BA6-B5FB-870942950E32}.Release|Win32.Build.0 = Release|Win32
		{BA3E3907-76A3-4BA6-B5FB-870942950E32}.Release|Windows Mobile 5.0 Pocket PC SDK (ARMV4I).ActiveCfg = Release|Win32
		{BA3E3907-76A3-4BA6-B5FB-870942950E32}.Release|Windows Mobile 6 Professional SDK (ARMV4I).ActiveCfg = Release|Win32
		{013FA81E-F7F5-432F-89CD-ED3FA758AA47}.Debug_Static|Win32.ActiveCfg = Debug_Static|Win32
		{013FA81E-F7F5-432F-89CD-ED3FA758AA47}.Debug_Static|Win32.Build.0 = Debug_Static|Win32
		{013FA81E-F7F5-432F-89CD-ED3FA758AA47}.Debug_Static|Windows Mobile 5.0 Pocket PC SDK (ARMV4I).ActiveCfg = Debug_Static|Win32
		{013FA81E-F7F5-432F-89CD-ED3FA758AA47}.Debug_Static|Windows Mobile 6 Professional SDK (ARMV4I).ActiveCfg = Debug_Static|Win32
		{013FA81E-F7F5-432F-89CD-ED3FA758AA47}.Debug|Win32.ActiveCfg = Debug|Win32
		{013FA81E-F7F5-432F-89CD-ED3FA758AA47}.Debug|Win32.Build.0 = Debug|Win32
		{013FA81E-F7F5-432F-89CD-ED3FA758AA47}.Debug|Windows Mobile 5.0 Pocket PC SDK (ARMV4I).ActiveCfg = Debug|Win32
		{013FA81E-F7F5-432F-89CD-ED3FA758AA47}.Debug|Windows Mobile 6 Professional SDK (ARMV4I).ActiveCfg = Debug|Win32
		{013FA81E-F7F5-432F-89CD-ED3FA758AA47}.Release_Static|Win32.ActiveCfg = Release_Static|Win32
		{013FA81E-F7F5-432F-89CD-ED3FA758AA47}.Release_Static|Win32.Build.0 = Release_Static|Win32
		{013FA81E-F7F5-432F-89CD-ED3FA758AA47}.Release_Static|Windows Mobile 5.0 Pocket PC SDK (ARMV4I).ActiveCfg = Release_Static|Win32
		{013FA81E-F7F5-432F-89CD-ED3FA758AA47}.Release_Static|Windows Mobile 6 Professional SDK (ARMV4I).ActiveCfg = Release_Static|Win32
		{013FA81E-F7F5-432F-89CD-ED3FA758AA47}.Release|Win32.ActiveCfg = Release|Win32
		{013FA81E-F7F5-432F-89CD-ED3FA758AA47}.Release|Win32.Build.0 = Release|Win32
		{013FA81E-F7F5-432F-89CD-ED3FA758AA47}.Release|Windows Mobile 5.0 Pocket PC SDK (ARMV4I).ActiveCfg = Release|Win32
		{013FA81E-F7F5-432F-89CD-ED3FA758AA47}.Release|Windows Mobile 6 Professional SDK (ARMV4I).ActiveCfg = Release|Win32
		{87D882AD-EE93-4453-B725-9ACA8A0733AA}.Debug_Static|Win32.ActiveCfg = Debug|Win32
		{87D882AD-EE93-4453-B725-9ACA8A0733AA}.Debug_Static|Win32.Build.0 = Debug|Win32
		{87D882AD-EE93-4453-B725-9ACA8A0733AA}.Debug_Static|Windows Mobile 5.0 Pocket PC SDK (ARMV4I).ActiveCfg = Debug|Win32
		{87D882AD-EE93-4453-B725-9ACA8A0733AA}.Debug_Static|Windows Mobile 6 Professional SDK (ARMV4I).ActiveCfg = Debug|Win32
		{87D882AD-EE93-4453-B725-9ACA8A0733AA}.Debug|Win32.ActiveCfg = Debug|Win32
		{87D882AD-EE93-4453-B725-9ACA8A0733AA}.Debug|Win32.Build.0 = Debug|Win32
		{87D882AD-EE93-4453-B725-9ACA8A0733AA}.Debug|Windows Mobile 5.0 Pocket PC SDK (ARMV4I).ActiveCfg = Debug|Win32
		{87D882AD-EE93-4453-B725-9ACA8A0733AA}.Debug|Windows Mobile 6 Professional SDK (ARMV4I).ActiveCfg = Debug|Win32
		{87D882AD-EE93-4453-B725-9ACA8A0733AA}.Release_Static|Win32.ActiveCfg = Release_Static|Win32
		{87D882AD-EE93-4453-B725-9ACA8A0733AA}.Release_Static|Win32.Build.0 = Release_Static|Win32
		{87D882AD-EE93-4453-B725-9ACA8A0733AA}.Release_Static|Windows Mobile 5.0 Pocket PC SDK (ARMV4I).ActiveCfg = Release|Win32
		{87D882AD-EE93-4453-B725-9ACA8A0733AA}.Release_Static|Windows Mobile 6 Professional SDK (ARMV4I).ActiveCfg = Release|Win32
		{87D882AD-EE93-4453-B725-9ACA8A0733AA}.Release|Win32.ActiveCfg = Release|Win32
		{87D882AD-EE93-4453-B725-9ACA8A0733AA}.Release|Win32.Build.0 = Release|Win32
		{87D882AD-EE93-4453-B725-9ACA8A0733AA}.Release|Windows Mobile 5.0 Pocket PC SDK (ARMV4I).ActiveCfg = Release|Win32
		{87D882AD-EE93-4453-B725-9ACA8A0733AA}.Release|Windows Mobile 6 Professional SDK (ARMV4I).ActiveCfg = Release|Win32
		{64A1EA2D-144E-4C5D-847D-B6BB54AD68B2}.Debug_Static|Win32.ActiveCfg = Debug|Win32
		{64A1EA2D-144E-4C5D-847D-B6BB54AD68B2}.Debug_Static|Win32.Build.0 = Debug|Win32
		{64A1EA2D-144E-4C5D-847D-B6BB54AD68B2}.Debug_Static|Windows Mobile 5.0 Pocket PC SDK (ARMV4I).ActiveCfg = Debug|Win32
		{64A1EA2D-144E-4C5D-847D-B6BB54AD68B2}.Debug_Static|Windows Mobile 6 Professional SDK (ARMV4I).ActiveCfg = Debug|Win32
		{64A1EA2D-144E-4C5D-847D-B6BB54AD68B2}.Debug|Win32.ActiveCfg = Debug|Win32
		{64A1EA2D-144E-4C5D-847D-B6BB54AD68B2}.Debug|Win32.Build.0 = Debug|Win32
		{64A1EA2D-144E-4C5D-847D-B6BB54AD68B2}.Debug|Windows Mobile 5.0 Pocket PC SDK (ARMV4I).ActiveCfg = Debug|Win32
		{64A1EA2D-144E-4C5D-847D-B6BB54AD68B2}.Debug|Windows Mobile 6 Professional SDK (ARMV4I).ActiveCfg = Debug|Win32
		{64A1EA2D-144E-4C5D-847D-B6BB54AD68B2}.Release_Static|Win32.ActiveCfg = Release_Static|Win32
		{64A1EA2D-144E-4C5D-847D-B6BB54AD68B2}.Release_Static|Win32.Build.0 = Release_Static|Win32
		{64A1EA2D-144E-4C5D-847D-B6BB54AD68B2}.Release_Static|Windows Mobile 5.0 Pocket PC SDK (ARMV4I).ActiveCfg = Release|Win32
		{64A1EA2D-144E-4C5D-847D-B6BB54AD68B2}.Release_Static|Windows Mobile 6 Professional SDK (ARMV4I).ActiveCfg = Release|Win32
		{64A1EA2D-144E-4C5D-847D-B6BB54AD68B2}.Release|Win32.ActiveCfg = Release|Win32
		{64A1EA2D-144E-4C5D-847D-B6BB54AD68B2}.Release|Win32.Build.0 = Release|Win32
		{64A1EA2D-144E-4C5D-847D-B6BB54AD68B2}.Release|Windows Mobile 5.0 Pocket PC SDK (ARMV4I).ActiveCfg = Release|Win32
		{64A1EA2D-144E-4C5D-847D-B6BB54AD68B2}.Release|Windows Mobile 6 Professional SDK (ARMV4I).ActiveCfg = Release|Win32
	EndGlobalSection
	GlobalSection(SolutionProperties) = preSolution
		HideSolutionNode = FALSE
	EndGlobalSection
	GlobalSection(NestedProjects) = preSolution
		{9BEDCE1B-BFC9-4809-9D8D-ECF9D9BC95DA} = {AD3C50E3-08CA-472D-A699-A1117B65B9CF}
		{A1C9FBA0-4837-46F6-8F49-926118D85D17} = {AD3C50E3-08CA-472D-A699-A1117B65B9CF}
		{85255507-5D16-4218-85E2-F683BB2F04DA} = {1312FA33-D01F-4D02-BD26-C08C5F34DB68}
		{44F46B7E-0E51-4304-9735-330DFBAB41E5} = {1312FA33-D01F-4D02-BD26-C08C5F34DB68}
		{4EA67539-9EE9-4065-BD39-87E517FD8262} = {1312FA33-D01F-4D02-BD26-C08C5F34DB68}
		{4A07BB2B-F56E-4F1B-A719-D28B782AC128} = {1312FA33-D01F-4D02-BD26-C08C5F34DB68}
		{D84D100A-7C21-4CCB-B16E-0FB37137C16C} = {1312FA33-D01F-4D02-BD26-C08C5F34DB68}
		{2FBA4363-0708-4D45-8291-76E867329DEF} = {1312FA33-D01F-4D02-BD26-C08C5F34DB68}
		{AFDA983B-0C3D-4BA4-BD8C-D6D530CB7C1D} = {1312FA33-D01F-4D02-BD26-C08C5F34DB68}
		{03207781-0D1C-4DB3-A71D-45C608F28DBD} = {C95513D4-5825-4B5B-BDCE-1E386C09F2AF}
		{65945422-B6A5-44E5-A113-6C2248854E44} = {C95513D4-5825-4B5B-BDCE-1E386C09F2AF}
		{94CE8F4D-713B-49EB-8F10-5F83216CE493} = {C95513D4-5825-4B5B-BDCE-1E386C09F2AF}
		{653F3841-3F26-49B9-AFCF-091DB4B67031} = {C95513D4-5825-4B5B-BDCE-1E386C09F2AF}
		{CF70F278-3364-4395-A2E1-23501C9B8AD2} = {C95513D4-5825-4B5B-BDCE-1E386C09F2AF}
		{E972C52F-9E85-4D65-B19C-031E511E9DB4} = {C95513D4-5825-4B5B-BDCE-1E386C09F2AF}
		{291937F3-8615-464C-8375-9DA2B84CDA1F} = {C95513D4-5825-4B5B-BDCE-1E386C09F2AF}
		{0A07DB23-1A12-4DD5-92EA-A80C21EDD0F5} = {C95513D4-5825-4B5B-BDCE-1E386C09F2AF}
		{3B244825-A11B-4FF7-861B-637BCB4A3E2B} = {29FD22D5-DE0F-4C85-88B7-011DCB3A9A1B}
		{B280ABB5-6C11-41A7-8F89-E12121DC40E2} = {29FD22D5-DE0F-4C85-88B7-011DCB3A9A1B}
		{AF516E41-A029-4884-84E1-F3B9B2C4BC28} = {29FD22D5-DE0F-4C85-88B7-011DCB3A9A1B}
		{290078F0-3B63-47BF-A2A9-E1AF5411F5E7} = {9BEDCE1B-BFC9-4809-9D8D-ECF9D9BC95DA}
		{4A07BB2B-F56E-4F1B-A729-D28B782AC128} = {9BEDCE1B-BFC9-4809-9D8D-ECF9D9BC95DA}
		{F158434B-A7BD-4683-87FD-33AF6B450612} = {3B244825-A11B-4FF7-861B-637BCB4A3E2B}
		{4A13F558-71BD-4973-B568-8C71CA49A888} = {3B244825-A11B-4FF7-861B-637BCB4A3E2B}
		{918D7B50-AC27-4C72-B90F-A44963B3F11D} = {900870E9-B15E-4C6D-9757-FB6E76ADCBB3}
		{1EDA1351-030F-4109-B73F-7FDB1BF084F4} = {900870E9-B15E-4C6D-9757-FB6E76ADCBB3}
		{E2C55B0B-2151-4950-87CA-B0AE37CB8DA8} = {900870E9-B15E-4C6D-9757-FB6E76ADCBB3}
		{D49B0779-5B54-4916-9E54-E35E740C9710} = {900870E9-B15E-4C6D-9757-FB6E76ADCBB3}
		{87D882AD-EE93-4453-B725-9ACA8A0733AA} = {900870E9-B15E-4C6D-9757-FB6E76ADCBB3}
		{64A1EA2D-144E-4C5D-847D-B6BB54AD68B2} = {900870E9-B15E-4C6D-9757-FB6E76ADCBB3}
		{4C848417-B545-468B-AA0C-44EE73BC7B9B} = {B280ABB5-6C11-41A7-8F89-E12121DC40E2}
		{1F726B88-8807-4E99-9982-CCE33198BEE8} = {B280ABB5-6C11-41A7-8F89-E12121DC40E2}
		{3D73B2C7-9C2A-4901-9714-03FFB9367644} = {B280ABB5-6C11-41A7-8F89-E12121DC40E2}
		{88AFBB12-0392-4210-A89C-E932BE3AB2E0} = {B280ABB5-6C11-41A7-8F89-E12121DC40E2}
		{57ADB6C3-394B-44F8-AAAA-93AF97431941} = {AE709058-E8DE-49ED-99DA-08B6C801FC30}
		{354B29D7-C033-48F0-93C2-8021CD555A77} = {AE709058-E8DE-49ED-99DA-08B6C801FC30}
		{013FA81E-F7F5-432F-89CD-ED3FA758AA47} = {A1C9FBA0-4837-46F6-8F49-926118D85D17}
		{BA3E3907-76A3-4BA6-B5FB-870942950E32} = {A1C9FBA0-4837-46F6-8F49-926118D85D17}
	EndGlobalSection
EndGlobal
